
Microsoft Visual Studio Solution File, Format Version 12.00
# Visual Studio Version 16
VisualStudioVersion = 16.0.30104.148
MinimumVisualStudioVersion = 15.0.26124.0
Project("{2150E333-8FDC-42A3-9474-1A3956D46DE8}") = "src", "src", "{9C7DA8F7-845B-4FE2-905D-D5B2AA2DD134}"
EndProject
Project("{9A19103F-16F7-4668-BE54-9A1E7A4F7556}") = "geohistory.model", "src\geohistory.model\geohistory.model.csproj", "{B88C2EEB-9F95-4540-B4C3-03D93B9EE635}"
EndProject
Project("{9A19103F-16F7-4668-BE54-9A1E7A4F7556}") = "geohistory.model.test.unit", "src\geohistory.model.test.unit\geohistory.model.test.unit.csproj", "{5637D86C-CC1E-4DB5-885F-9DF3DE9907D0}"
EndProject
Project("{9A19103F-16F7-4668-BE54-9A1E7A4F7556}") = "Spike-One", "src\spike-one\Spike-One.csproj", "{130F7E3F-9497-429B-ADFB-8B82034176F6}"
EndProject
Project("{9A19103F-16F7-4668-BE54-9A1E7A4F7556}") = "geohistory.render.kml", "src\geohistory.render.kml\geohistory.render.kml.csproj", "{75056356-B54D-4D75-8CC6-5E852BB0C873}"
EndProject
Project("{9A19103F-16F7-4668-BE54-9A1E7A4F7556}") = "geohistory.data.remote.wikimedia", "src\geohistory.data.remote.wikimedia\geohistory.data.remote.wikimedia.csproj", "{F5CB17C0-61B5-44F5-8D9D-AEA9A9243C92}"
EndProject
Project("{9A19103F-16F7-4668-BE54-9A1E7A4F7556}") = "geohistory.data.remote.google.maps", "src\geohistory.data.remote.google.maps\geohistory.data.remote.google.maps.csproj", "{2A71A5F8-C0F1-4957-8B50-CE1F5398A7E0}"
EndProject
Project("{9A19103F-16F7-4668-BE54-9A1E7A4F7556}") = "tinkerpop.scripts", "src\tinkerpop.scripts\tinkerpop.scripts.csproj", "{B6A28F76-AF04-4164-84C4-9976A47908B2}"
EndProject
Project("{FAE04EC0-301F-11D3-BF4B-00C04F79EFBC}") = "geohistory.model.graph.gremlin", "src\geohistory.model.graph.gremlin\geohistory.model.graph.gremlin.csproj", "{26EEEB46-9712-49C6-918E-A056CE0C324C}"
EndProject
Global
	GlobalSection(SolutionConfigurationPlatforms) = preSolution
		Debug|Any CPU = Debug|Any CPU
		Debug|x64 = Debug|x64
		Debug|x86 = Debug|x86
		Release|Any CPU = Release|Any CPU
		Release|x64 = Release|x64
		Release|x86 = Release|x86
	EndGlobalSection
	GlobalSection(ProjectConfigurationPlatforms) = postSolution
		{B88C2EEB-9F95-4540-B4C3-03D93B9EE635}.Debug|Any CPU.ActiveCfg = Debug|Any CPU
		{B88C2EEB-9F95-4540-B4C3-03D93B9EE635}.Debug|Any CPU.Build.0 = Debug|Any CPU
		{B88C2EEB-9F95-4540-B4C3-03D93B9EE635}.Debug|x64.ActiveCfg = Debug|Any CPU
		{B88C2EEB-9F95-4540-B4C3-03D93B9EE635}.Debug|x64.Build.0 = Debug|Any CPU
		{B88C2EEB-9F95-4540-B4C3-03D93B9EE635}.Debug|x86.ActiveCfg = Debug|Any CPU
		{B88C2EEB-9F95-4540-B4C3-03D93B9EE635}.Debug|x86.Build.0 = Debug|Any CPU
		{B88C2EEB-9F95-4540-B4C3-03D93B9EE635}.Release|Any CPU.ActiveCfg = Release|Any CPU
		{B88C2EEB-9F95-4540-B4C3-03D93B9EE635}.Release|Any CPU.Build.0 = Release|Any CPU
		{B88C2EEB-9F95-4540-B4C3-03D93B9EE635}.Release|x64.ActiveCfg = Release|Any CPU
		{B88C2EEB-9F95-4540-B4C3-03D93B9EE635}.Release|x64.Build.0 = Release|Any CPU
		{B88C2EEB-9F95-4540-B4C3-03D93B9EE635}.Release|x86.ActiveCfg = Release|Any CPU
		{B88C2EEB-9F95-4540-B4C3-03D93B9EE635}.Release|x86.Build.0 = Release|Any CPU
		{5637D86C-CC1E-4DB5-885F-9DF3DE9907D0}.Debug|Any CPU.ActiveCfg = Debug|Any CPU
		{5637D86C-CC1E-4DB5-885F-9DF3DE9907D0}.Debug|Any CPU.Build.0 = Debug|Any CPU
		{5637D86C-CC1E-4DB5-885F-9DF3DE9907D0}.Debug|x64.ActiveCfg = Debug|Any CPU
		{5637D86C-CC1E-4DB5-885F-9DF3DE9907D0}.Debug|x64.Build.0 = Debug|Any CPU
		{5637D86C-CC1E-4DB5-885F-9DF3DE9907D0}.Debug|x86.ActiveCfg = Debug|Any CPU
		{5637D86C-CC1E-4DB5-885F-9DF3DE9907D0}.Debug|x86.Build.0 = Debug|Any CPU
		{5637D86C-CC1E-4DB5-885F-9DF3DE9907D0}.Release|Any CPU.ActiveCfg = Release|Any CPU
		{5637D86C-CC1E-4DB5-885F-9DF3DE9907D0}.Release|Any CPU.Build.0 = Release|Any CPU
		{5637D86C-CC1E-4DB5-885F-9DF3DE9907D0}.Release|x64.ActiveCfg = Release|Any CPU
		{5637D86C-CC1E-4DB5-885F-9DF3DE9907D0}.Release|x64.Build.0 = Release|Any CPU
		{5637D86C-CC1E-4DB5-885F-9DF3DE9907D0}.Release|x86.ActiveCfg = Release|Any CPU
		{5637D86C-CC1E-4DB5-885F-9DF3DE9907D0}.Release|x86.Build.0 = Release|Any CPU
		{130F7E3F-9497-429B-ADFB-8B82034176F6}.Debug|Any CPU.ActiveCfg = Debug|Any CPU
		{130F7E3F-9497-429B-ADFB-8B82034176F6}.Debug|Any CPU.Build.0 = Debug|Any CPU
		{130F7E3F-9497-429B-ADFB-8B82034176F6}.Debug|x64.ActiveCfg = Debug|Any CPU
		{130F7E3F-9497-429B-ADFB-8B82034176F6}.Debug|x64.Build.0 = Debug|Any CPU
		{130F7E3F-9497-429B-ADFB-8B82034176F6}.Debug|x86.ActiveCfg = Debug|Any CPU
		{130F7E3F-9497-429B-ADFB-8B82034176F6}.Debug|x86.Build.0 = Debug|Any CPU
		{130F7E3F-9497-429B-ADFB-8B82034176F6}.Release|Any CPU.ActiveCfg = Release|Any CPU
		{130F7E3F-9497-429B-ADFB-8B82034176F6}.Release|Any CPU.Build.0 = Release|Any CPU
		{130F7E3F-9497-429B-ADFB-8B82034176F6}.Release|x64.ActiveCfg = Release|Any CPU
		{130F7E3F-9497-429B-ADFB-8B82034176F6}.Release|x64.Build.0 = Release|Any CPU
		{130F7E3F-9497-429B-ADFB-8B82034176F6}.Release|x86.ActiveCfg = Release|Any CPU
		{130F7E3F-9497-429B-ADFB-8B82034176F6}.Release|x86.Build.0 = Release|Any CPU
		{75056356-B54D-4D75-8CC6-5E852BB0C873}.Debug|Any CPU.ActiveCfg = Debug|Any CPU
		{75056356-B54D-4D75-8CC6-5E852BB0C873}.Debug|Any CPU.Build.0 = Debug|Any CPU
		{75056356-B54D-4D75-8CC6-5E852BB0C873}.Debug|x64.ActiveCfg = Debug|Any CPU
		{75056356-B54D-4D75-8CC6-5E852BB0C873}.Debug|x64.Build.0 = Debug|Any CPU
		{75056356-B54D-4D75-8CC6-5E852BB0C873}.Debug|x86.ActiveCfg = Debug|Any CPU
		{75056356-B54D-4D75-8CC6-5E852BB0C873}.Debug|x86.Build.0 = Debug|Any CPU
		{75056356-B54D-4D75-8CC6-5E852BB0C873}.Release|Any CPU.ActiveCfg = Release|Any CPU
		{75056356-B54D-4D75-8CC6-5E852BB0C873}.Release|Any CPU.Build.0 = Release|Any CPU
		{75056356-B54D-4D75-8CC6-5E852BB0C873}.Release|x64.ActiveCfg = Release|Any CPU
		{75056356-B54D-4D75-8CC6-5E852BB0C873}.Release|x64.Build.0 = Release|Any CPU
		{75056356-B54D-4D75-8CC6-5E852BB0C873}.Release|x86.ActiveCfg = Release|Any CPU
		{75056356-B54D-4D75-8CC6-5E852BB0C873}.Release|x86.Build.0 = Release|Any CPU
		{F5CB17C0-61B5-44F5-8D9D-AEA9A9243C92}.Debug|Any CPU.ActiveCfg = Debug|Any CPU
		{F5CB17C0-61B5-44F5-8D9D-AEA9A9243C92}.Debug|Any CPU.Build.0 = Debug|Any CPU
		{F5CB17C0-61B5-44F5-8D9D-AEA9A9243C92}.Debug|x64.ActiveCfg = Debug|Any CPU
		{F5CB17C0-61B5-44F5-8D9D-AEA9A9243C92}.Debug|x64.Build.0 = Debug|Any CPU
		{F5CB17C0-61B5-44F5-8D9D-AEA9A9243C92}.Debug|x86.ActiveCfg = Debug|Any CPU
		{F5CB17C0-61B5-44F5-8D9D-AEA9A9243C92}.Debug|x86.Build.0 = Debug|Any CPU
		{F5CB17C0-61B5-44F5-8D9D-AEA9A9243C92}.Release|Any CPU.ActiveCfg = Release|Any CPU
		{F5CB17C0-61B5-44F5-8D9D-AEA9A9243C92}.Release|Any CPU.Build.0 = Release|Any CPU
		{F5CB17C0-61B5-44F5-8D9D-AEA9A9243C92}.Release|x64.ActiveCfg = Release|Any CPU
		{F5CB17C0-61B5-44F5-8D9D-AEA9A9243C92}.Release|x64.Build.0 = Release|Any CPU
		{F5CB17C0-61B5-44F5-8D9D-AEA9A9243C92}.Release|x86.ActiveCfg = Release|Any CPU
		{F5CB17C0-61B5-44F5-8D9D-AEA9A9243C92}.Release|x86.Build.0 = Release|Any CPU
		{2A71A5F8-C0F1-4957-8B50-CE1F5398A7E0}.Debug|Any CPU.ActiveCfg = Debug|Any CPU
		{2A71A5F8-C0F1-4957-8B50-CE1F5398A7E0}.Debug|Any CPU.Build.0 = Debug|Any CPU
		{2A71A5F8-C0F1-4957-8B50-CE1F5398A7E0}.Debug|x64.ActiveCfg = Debug|Any CPU
		{2A71A5F8-C0F1-4957-8B50-CE1F5398A7E0}.Debug|x64.Build.0 = Debug|Any CPU
		{2A71A5F8-C0F1-4957-8B50-CE1F5398A7E0}.Debug|x86.ActiveCfg = Debug|Any CPU
		{2A71A5F8-C0F1-4957-8B50-CE1F5398A7E0}.Debug|x86.Build.0 = Debug|Any CPU
		{2A71A5F8-C0F1-4957-8B50-CE1F5398A7E0}.Release|Any CPU.ActiveCfg = Release|Any CPU
		{2A71A5F8-C0F1-4957-8B50-CE1F5398A7E0}.Release|Any CPU.Build.0 = Release|Any CPU
		{2A71A5F8-C0F1-4957-8B50-CE1F5398A7E0}.Release|x64.ActiveCfg = Release|Any CPU
		{2A71A5F8-C0F1-4957-8B50-CE1F5398A7E0}.Release|x64.Build.0 = Release|Any CPU
		{2A71A5F8-C0F1-4957-8B50-CE1F5398A7E0}.Release|x86.ActiveCfg = Release|Any CPU
		{2A71A5F8-C0F1-4957-8B50-CE1F5398A7E0}.Release|x86.Build.0 = Release|Any CPU
		{B6A28F76-AF04-4164-84C4-9976A47908B2}.Debug|Any CPU.ActiveCfg = Debug|Any CPU
		{B6A28F76-AF04-4164-84C4-9976A47908B2}.Debug|Any CPU.Build.0 = Debug|Any CPU
		{B6A28F76-AF04-4164-84C4-9976A47908B2}.Debug|x64.ActiveCfg = Debug|Any CPU
		{B6A28F76-AF04-4164-84C4-9976A47908B2}.Debug|x64.Build.0 = Debug|Any CPU
		{B6A28F76-AF04-4164-84C4-9976A47908B2}.Debug|x86.ActiveCfg = Debug|Any CPU
		{B6A28F76-AF04-4164-84C4-9976A47908B2}.Debug|x86.Build.0 = Debug|Any CPU
		{B6A28F76-AF04-4164-84C4-9976A47908B2}.Release|Any CPU.ActiveCfg = Release|Any CPU
		{B6A28F76-AF04-4164-84C4-9976A47908B2}.Release|Any CPU.Build.0 = Release|Any CPU
		{B6A28F76-AF04-4164-84C4-9976A47908B2}.Release|x64.ActiveCfg = Release|Any CPU
		{B6A28F76-AF04-4164-84C4-9976A47908B2}.Release|x64.Build.0 = Release|Any CPU
		{B6A28F76-AF04-4164-84C4-9976A47908B2}.Release|x86.ActiveCfg = Release|Any CPU
		{B6A28F76-AF04-4164-84C4-9976A47908B2}.Release|x86.Build.0 = Release|Any CPU
		{26EEEB46-9712-49C6-918E-A056CE0C324C}.Debug|Any CPU.ActiveCfg = Debug|Any CPU
		{26EEEB46-9712-49C6-918E-A056CE0C324C}.Debug|Any CPU.Build.0 = Debug|Any CPU
		{26EEEB46-9712-49C6-918E-A056CE0C324C}.Debug|x64.ActiveCfg = Debug|Any CPU
		{26EEEB46-9712-49C6-918E-A056CE0C324C}.Debug|x64.Build.0 = Debug|Any CPU
		{26EEEB46-9712-49C6-918E-A056CE0C324C}.Debug|x86.ActiveCfg = Debug|Any CPU
		{26EEEB46-9712-49C6-918E-A056CE0C324C}.Debug|x86.Build.0 = Debug|Any CPU
		{26EEEB46-9712-49C6-918E-A056CE0C324C}.Release|Any CPU.ActiveCfg = Release|Any CPU
		{26EEEB46-9712-49C6-918E-A056CE0C324C}.Release|Any CPU.Build.0 = Release|Any CPU
		{26EEEB46-9712-49C6-918E-A056CE0C324C}.Release|x64.ActiveCfg = Release|Any CPU
		{26EEEB46-9712-49C6-918E-A056CE0C324C}.Release|x64.Build.0 = Release|Any CPU
		{26EEEB46-9712-49C6-918E-A056CE0C324C}.Release|x86.ActiveCfg = Release|Any CPU
		{26EEEB46-9712-49C6-918E-A056CE0C324C}.Release|x86.Build.0 = Release|Any CPU
	EndGlobalSection
	GlobalSection(SolutionProperties) = preSolution
		HideSolutionNode = FALSE
	EndGlobalSection
	GlobalSection(NestedProjects) = preSolution
		{B88C2EEB-9F95-4540-B4C3-03D93B9EE635} = {9C7DA8F7-845B-4FE2-905D-D5B2AA2DD134}
		{5637D86C-CC1E-4DB5-885F-9DF3DE9907D0} = {9C7DA8F7-845B-4FE2-905D-D5B2AA2DD134}
		{130F7E3F-9497-429B-ADFB-8B82034176F6} = {9C7DA8F7-845B-4FE2-905D-D5B2AA2DD134}
		{75056356-B54D-4D75-8CC6-5E852BB0C873} = {9C7DA8F7-845B-4FE2-905D-D5B2AA2DD134}
		{F5CB17C0-61B5-44F5-8D9D-AEA9A9243C92} = {9C7DA8F7-845B-4FE2-905D-D5B2AA2DD134}
		{2A71A5F8-C0F1-4957-8B50-CE1F5398A7E0} = {9C7DA8F7-845B-4FE2-905D-D5B2AA2DD134}
		{B6A28F76-AF04-4164-84C4-9976A47908B2} = {9C7DA8F7-845B-4FE2-905D-D5B2AA2DD134}
		{26EEEB46-9712-49C6-918E-A056CE0C324C} = {9C7DA8F7-845B-4FE2-905D-D5B2AA2DD134}
	EndGlobalSection
	GlobalSection(ExtensibilityGlobals) = postSolution
		SolutionGuid = {DF52C2CA-C60E-4395-9EDC-0995F76AEE47}
	EndGlobalSection
EndGlobal
