
Microsoft Visual Studio Solution File, Format Version 12.00
# Visual Studio Version 16
VisualStudioVersion = 16.0.30104.148
MinimumVisualStudioVersion = 15.0.26124.0
Project("{2150E333-8FDC-42A3-9474-1A3956D46DE8}") = "src", "src", "{9C7DA8F7-845B-4FE2-905D-D5B2AA2DD134}"
EndProject
Project("{9A19103F-16F7-4668-BE54-9A1E7A4F7556}") = "geohistory.model", "src\geohistory.model\geohistory.model.csproj", "{B88C2EEB-9F95-4540-B4C3-03D93B9EE635}"
EndProject
Project("{9A19103F-16F7-4668-BE54-9A1E7A4F7556}") = "geohistory.model.test.unit", "src\geohistory.model.test.unit\geohistory.model.test.unit.csproj", "{5637D86C-CC1E-4DB5-885F-9DF3DE9907D0}"
EndProject
Project("{9A19103F-16F7-4668-BE54-9A1E7A4F7556}") = "Spike-One", "src\spike-one\Spike-One.csproj", "{130F7E3F-9497-429B-ADFB-8B82034176F6}"
EndProject
Project("{9A19103F-16F7-4668-BE54-9A1E7A4F7556}") = "geohistory.render.kml", "src\geohistory.render.kml\geohistory.render.kml.csproj", "{75056356-B54D-4D75-8CC6-5E852BB0C873}"
EndProject
Project("{9A19103F-16F7-4668-BE54-9A1E7A4F7556}") = "geohistory.data.remote.wikimedia", "src\geohistory.data.remote.wikimedia\geohistory.data.remote.wikimedia.csproj", "{F5CB17C0-61B5-44F5-8D9D-AEA9A9243C92}"
EndProject
Project("{9A19103F-16F7-4668-BE54-9A1E7A4F7556}") = "geohistory.data.remote.google.maps", "src\geohistory.data.remote.google.maps\geohistory.data.remote.google.maps.csproj", "{2A71A5F8-C0F1-4957-8B50-CE1F5398A7E0}"
EndProject
Project("{9A19103F-16F7-4668-BE54-9A1E7A4F7556}") = "tinkerpop.scripts", "src\tinkerpop.scripts\tinkerpop.scripts.csproj", "{B6A28F76-AF04-4164-84C4-9976A47908B2}"
EndProject
Project("{9A19103F-16F7-4668-BE54-9A1E7A4F7556}") = "Geohistory.Model.Graph.Gremlin", "src\geohistory.model.graph.gremlin\Geohistory.Model.Graph.Gremlin.csproj", "{26EEEB46-9712-49C6-918E-A056CE0C324C}"
EndProject
Project("{FAE04EC0-301F-11D3-BF4B-00C04F79EFBC}") = "geohistory.client.UWP", "src\geohistory.client\geohistory.client.UWP\geohistory.client.UWP.csproj", "{40CF1D0F-BBA1-424E-9DFA-8686959922B8}"
EndProject
Project("{FAE04EC0-301F-11D3-BF4B-00C04F79EFBC}") = "geohistory.client.Android", "src\geohistory.client\geohistory.client.Android\geohistory.client.Android.csproj", "{D932BE31-2A5C-4D81-939F-79BA2220B221}"
EndProject
Project("{FAE04EC0-301F-11D3-BF4B-00C04F79EFBC}") = "geohistory.client.iOS", "src\geohistory.client\geohistory.client.iOS\geohistory.client.iOS.csproj", "{2A398F39-4DC8-489D-B018-DD494C78F4CA}"
EndProject
Project("{9A19103F-16F7-4668-BE54-9A1E7A4F7556}") = "Geohistory.Client.Web", "src\geohistory.client\geohistory.client.Web\Geohistory.Client.Web.csproj", "{B084C329-C03E-400F-9913-C409F7062EAC}"
EndProject
Project("{9A19103F-16F7-4668-BE54-9A1E7A4F7556}") = "geohistory.client", "src\geohistory.client\geohistory.client\geohistory.client.csproj", "{586EAA5F-8079-4456-868A-691E27293D80}"
EndProject
Project("{9A19103F-16F7-4668-BE54-9A1E7A4F7556}") = "GeoHistory.Data.Books.Remote.Google", "src\geohistory.data.remote.google.books\GeoHistory.Data.Books.Remote.Google.csproj", "{E5D78880-E2F8-40D1-8F82-FA271436939E}"
EndProject
Project("{9A19103F-16F7-4668-BE54-9A1E7A4F7556}") = "GeoHistory.Api.Placeholder", "src\geohistory.api.placeholder\GeoHistory.Api.Placeholder.csproj", "{6164B477-0443-4C42-8397-50BF82768978}"
EndProject
Project("{9A19103F-16F7-4668-BE54-9A1E7A4F7556}") = "Geohistory.Spi", "src\geohistory.spi\Geohistory.Spi.csproj", "{3E1B3C00-F98B-4C1B-912B-83836207A5E7}"
EndProject
Project("{9A19103F-16F7-4668-BE54-9A1E7A4F7556}") = "GeoHistory.Api.PlaceHolder.Test", "src\GeoHistory.Api.PlaceHolder.Test\GeoHistory.Api.PlaceHolder.Test.csproj", "{35E8C367-B392-4821-8B92-837B2219D6D9}"
EndProject
Project("{9A19103F-16F7-4668-BE54-9A1E7A4F7556}") = "GeoHistory.Data.Books.Remote.Google.Test", "src\GeoHistory.Data.Books.Remote.Google.Test\GeoHistory.Data.Books.Remote.Google.Test.csproj", "{30B4A443-D1C3-4A7D-8528-43336B8B5FE1}"
EndProject
Project("{2150E333-8FDC-42A3-9474-1A3956D46DE8}") = "Solution Items", "Solution Items", "{B3BA8BB1-419F-4E20-8D2C-99357D2F525C}"
	ProjectSection(SolutionItems) = preProject
		.editorconfig = .editorconfig
		ReadMe.md = ReadMe.md
	EndProjectSection
EndProject
Project("{9A19103F-16F7-4668-BE54-9A1E7A4F7556}") = "Itofinity.Gremlin.Tinkerpop", "src\Itofinity.Gremlin.Tinkerpop\Itofinity.Gremlin.Tinkerpop.csproj", "{507227C5-773E-48A5-91A6-6DBF48B694A4}"
EndProject
Project("{9A19103F-16F7-4668-BE54-9A1E7A4F7556}") = "GeoHistory.Client.Spi", "src\GeoHistory.Client.Spi\GeoHistory.Client.Spi.csproj", "{4C373946-8C60-4A5F-B8D8-FBC8B4A842F0}"
EndProject
Project("{9A19103F-16F7-4668-BE54-9A1E7A4F7556}") = "Geohistory.Client.Api", "src\Geohistory.Client.Api\Geohistory.Client.Api.csproj", "{2B50BBFA-AA4A-41AF-BABA-CA69B0771CBD}"
EndProject
Project("{9A19103F-16F7-4668-BE54-9A1E7A4F7556}") = "Geohistory.Client.Api.Test.Unit", "src\Geohistory.Client.Api.Test.Unit\Geohistory.Client.Api.Test.Unit.csproj", "{97F3390E-E89F-46FC-BC14-20788423A331}"
EndProject
Project("{9A19103F-16F7-4668-BE54-9A1E7A4F7556}") = "Geohistory.Client.Api.Test.Integration", "src\Geohistory.Client.Api.Test.Integration\Geohistory.Client.Api.Test.Integration.csproj", "{23EA9459-8AFA-4DCE-BED5-A073570437D9}"
EndProject
Project("{9A19103F-16F7-4668-BE54-9A1E7A4F7556}") = "Geohistory.Client.UI.Cli", "src\Geohistory.Client.UI.Console\Geohistory.Client.UI.Cli.csproj", "{1C27794F-E5DB-4FF2-9751-9442296EC9D3}"
EndProject
Project("{9A19103F-16F7-4668-BE54-9A1E7A4F7556}") = "GeoHistory.Client.Audit.Command.Test.Integration", "src\GeoHistory.Client.Audit.Command.Test.Integration\GeoHistory.Client.Audit.Command.Test.Integration.csproj", "{DC557C43-DAE4-4DE6-B1EF-3FF76F2E98C5}"
EndProject
Project("{9A19103F-16F7-4668-BE54-9A1E7A4F7556}") = "GeoHistory.Client.Audit.Command", "src\GeoHistory.Client.Audit.Command\GeoHistory.Client.Audit.Command.csproj", "{268B3008-A58E-4770-9C1C-2A375D8DEE3A}"
EndProject
Project("{FAE04EC0-301F-11D3-BF4B-00C04F79EFBC}") = "GeoHistory.Client.Storage.Command", "src\GeoHistory.Client.Storage.Command\GeoHistory.Client.Storage.Command.csproj", "{BC2E0647-1389-485B-BDAE-76C596F05C40}"
EndProject
Project("{FAE04EC0-301F-11D3-BF4B-00C04F79EFBC}") = "GeoHistory.Client.Commands.Search", "src\GeoHistory.Client.Commands.Search\GeoHistory.Client.Commands.Search.csproj", "{A03F6AF0-EBF8-4119-A3A3-214EE45215C3}"
EndProject
Project("{FAE04EC0-301F-11D3-BF4B-00C04F79EFBC}") = "GeoHistory.Client.Commands.Search.Google", "src\GeoHistory.Client.Commands.Search.Google\GeoHistory.Client.Commands.Search.Google.csproj", "{696DF88A-7E71-439A-ADA5-AA89A587BCC7}"
EndProject
Project("{FAE04EC0-301F-11D3-BF4B-00C04F79EFBC}") = "Geohistory.Client.Commands.Gremlin", "src\Geohistory.Client.Commands.Gremlin\Geohistory.Client.Commands.Gremlin.csproj", "{857E3484-4058-43D9-AD92-2AA260EAC452}"
EndProject
Global
	GlobalSection(SolutionConfigurationPlatforms) = preSolution
		Debug|Any CPU = Debug|Any CPU
		Debug|ARM = Debug|ARM
		Debug|iPhone = Debug|iPhone
		Debug|iPhoneSimulator = Debug|iPhoneSimulator
		Debug|x64 = Debug|x64
		Debug|x86 = Debug|x86
		Release|Any CPU = Release|Any CPU
		Release|ARM = Release|ARM
		Release|iPhone = Release|iPhone
		Release|iPhoneSimulator = Release|iPhoneSimulator
		Release|x64 = Release|x64
		Release|x86 = Release|x86
	EndGlobalSection
	GlobalSection(ProjectConfigurationPlatforms) = postSolution
		{B88C2EEB-9F95-4540-B4C3-03D93B9EE635}.Debug|Any CPU.ActiveCfg = Debug|Any CPU
		{B88C2EEB-9F95-4540-B4C3-03D93B9EE635}.Debug|Any CPU.Build.0 = Debug|Any CPU
		{B88C2EEB-9F95-4540-B4C3-03D93B9EE635}.Debug|ARM.ActiveCfg = Debug|Any CPU
		{B88C2EEB-9F95-4540-B4C3-03D93B9EE635}.Debug|ARM.Build.0 = Debug|Any CPU
		{B88C2EEB-9F95-4540-B4C3-03D93B9EE635}.Debug|iPhone.ActiveCfg = Debug|Any CPU
		{B88C2EEB-9F95-4540-B4C3-03D93B9EE635}.Debug|iPhone.Build.0 = Debug|Any CPU
		{B88C2EEB-9F95-4540-B4C3-03D93B9EE635}.Debug|iPhoneSimulator.ActiveCfg = Debug|Any CPU
		{B88C2EEB-9F95-4540-B4C3-03D93B9EE635}.Debug|iPhoneSimulator.Build.0 = Debug|Any CPU
		{B88C2EEB-9F95-4540-B4C3-03D93B9EE635}.Debug|x64.ActiveCfg = Debug|Any CPU
		{B88C2EEB-9F95-4540-B4C3-03D93B9EE635}.Debug|x64.Build.0 = Debug|Any CPU
		{B88C2EEB-9F95-4540-B4C3-03D93B9EE635}.Debug|x86.ActiveCfg = Debug|Any CPU
		{B88C2EEB-9F95-4540-B4C3-03D93B9EE635}.Debug|x86.Build.0 = Debug|Any CPU
		{B88C2EEB-9F95-4540-B4C3-03D93B9EE635}.Release|Any CPU.ActiveCfg = Release|Any CPU
		{B88C2EEB-9F95-4540-B4C3-03D93B9EE635}.Release|Any CPU.Build.0 = Release|Any CPU
		{B88C2EEB-9F95-4540-B4C3-03D93B9EE635}.Release|ARM.ActiveCfg = Release|Any CPU
		{B88C2EEB-9F95-4540-B4C3-03D93B9EE635}.Release|ARM.Build.0 = Release|Any CPU
		{B88C2EEB-9F95-4540-B4C3-03D93B9EE635}.Release|iPhone.ActiveCfg = Release|Any CPU
		{B88C2EEB-9F95-4540-B4C3-03D93B9EE635}.Release|iPhone.Build.0 = Release|Any CPU
		{B88C2EEB-9F95-4540-B4C3-03D93B9EE635}.Release|iPhoneSimulator.ActiveCfg = Release|Any CPU
		{B88C2EEB-9F95-4540-B4C3-03D93B9EE635}.Release|iPhoneSimulator.Build.0 = Release|Any CPU
		{B88C2EEB-9F95-4540-B4C3-03D93B9EE635}.Release|x64.ActiveCfg = Release|Any CPU
		{B88C2EEB-9F95-4540-B4C3-03D93B9EE635}.Release|x64.Build.0 = Release|Any CPU
		{B88C2EEB-9F95-4540-B4C3-03D93B9EE635}.Release|x86.ActiveCfg = Release|Any CPU
		{B88C2EEB-9F95-4540-B4C3-03D93B9EE635}.Release|x86.Build.0 = Release|Any CPU
		{5637D86C-CC1E-4DB5-885F-9DF3DE9907D0}.Debug|Any CPU.ActiveCfg = Debug|Any CPU
		{5637D86C-CC1E-4DB5-885F-9DF3DE9907D0}.Debug|Any CPU.Build.0 = Debug|Any CPU
		{5637D86C-CC1E-4DB5-885F-9DF3DE9907D0}.Debug|ARM.ActiveCfg = Debug|Any CPU
		{5637D86C-CC1E-4DB5-885F-9DF3DE9907D0}.Debug|ARM.Build.0 = Debug|Any CPU
		{5637D86C-CC1E-4DB5-885F-9DF3DE9907D0}.Debug|iPhone.ActiveCfg = Debug|Any CPU
		{5637D86C-CC1E-4DB5-885F-9DF3DE9907D0}.Debug|iPhone.Build.0 = Debug|Any CPU
		{5637D86C-CC1E-4DB5-885F-9DF3DE9907D0}.Debug|iPhoneSimulator.ActiveCfg = Debug|Any CPU
		{5637D86C-CC1E-4DB5-885F-9DF3DE9907D0}.Debug|iPhoneSimulator.Build.0 = Debug|Any CPU
		{5637D86C-CC1E-4DB5-885F-9DF3DE9907D0}.Debug|x64.ActiveCfg = Debug|Any CPU
		{5637D86C-CC1E-4DB5-885F-9DF3DE9907D0}.Debug|x64.Build.0 = Debug|Any CPU
		{5637D86C-CC1E-4DB5-885F-9DF3DE9907D0}.Debug|x86.ActiveCfg = Debug|Any CPU
		{5637D86C-CC1E-4DB5-885F-9DF3DE9907D0}.Debug|x86.Build.0 = Debug|Any CPU
		{5637D86C-CC1E-4DB5-885F-9DF3DE9907D0}.Release|Any CPU.ActiveCfg = Release|Any CPU
		{5637D86C-CC1E-4DB5-885F-9DF3DE9907D0}.Release|Any CPU.Build.0 = Release|Any CPU
		{5637D86C-CC1E-4DB5-885F-9DF3DE9907D0}.Release|ARM.ActiveCfg = Release|Any CPU
		{5637D86C-CC1E-4DB5-885F-9DF3DE9907D0}.Release|ARM.Build.0 = Release|Any CPU
		{5637D86C-CC1E-4DB5-885F-9DF3DE9907D0}.Release|iPhone.ActiveCfg = Release|Any CPU
		{5637D86C-CC1E-4DB5-885F-9DF3DE9907D0}.Release|iPhone.Build.0 = Release|Any CPU
		{5637D86C-CC1E-4DB5-885F-9DF3DE9907D0}.Release|iPhoneSimulator.ActiveCfg = Release|Any CPU
		{5637D86C-CC1E-4DB5-885F-9DF3DE9907D0}.Release|iPhoneSimulator.Build.0 = Release|Any CPU
		{5637D86C-CC1E-4DB5-885F-9DF3DE9907D0}.Release|x64.ActiveCfg = Release|Any CPU
		{5637D86C-CC1E-4DB5-885F-9DF3DE9907D0}.Release|x64.Build.0 = Release|Any CPU
		{5637D86C-CC1E-4DB5-885F-9DF3DE9907D0}.Release|x86.ActiveCfg = Release|Any CPU
		{5637D86C-CC1E-4DB5-885F-9DF3DE9907D0}.Release|x86.Build.0 = Release|Any CPU
		{130F7E3F-9497-429B-ADFB-8B82034176F6}.Debug|Any CPU.ActiveCfg = Debug|Any CPU
		{130F7E3F-9497-429B-ADFB-8B82034176F6}.Debug|Any CPU.Build.0 = Debug|Any CPU
		{130F7E3F-9497-429B-ADFB-8B82034176F6}.Debug|ARM.ActiveCfg = Debug|Any CPU
		{130F7E3F-9497-429B-ADFB-8B82034176F6}.Debug|ARM.Build.0 = Debug|Any CPU
		{130F7E3F-9497-429B-ADFB-8B82034176F6}.Debug|iPhone.ActiveCfg = Debug|Any CPU
		{130F7E3F-9497-429B-ADFB-8B82034176F6}.Debug|iPhone.Build.0 = Debug|Any CPU
		{130F7E3F-9497-429B-ADFB-8B82034176F6}.Debug|iPhoneSimulator.ActiveCfg = Debug|Any CPU
		{130F7E3F-9497-429B-ADFB-8B82034176F6}.Debug|iPhoneSimulator.Build.0 = Debug|Any CPU
		{130F7E3F-9497-429B-ADFB-8B82034176F6}.Debug|x64.ActiveCfg = Debug|Any CPU
		{130F7E3F-9497-429B-ADFB-8B82034176F6}.Debug|x64.Build.0 = Debug|Any CPU
		{130F7E3F-9497-429B-ADFB-8B82034176F6}.Debug|x86.ActiveCfg = Debug|Any CPU
		{130F7E3F-9497-429B-ADFB-8B82034176F6}.Debug|x86.Build.0 = Debug|Any CPU
		{130F7E3F-9497-429B-ADFB-8B82034176F6}.Release|Any CPU.ActiveCfg = Release|Any CPU
		{130F7E3F-9497-429B-ADFB-8B82034176F6}.Release|Any CPU.Build.0 = Release|Any CPU
		{130F7E3F-9497-429B-ADFB-8B82034176F6}.Release|ARM.ActiveCfg = Release|Any CPU
		{130F7E3F-9497-429B-ADFB-8B82034176F6}.Release|ARM.Build.0 = Release|Any CPU
		{130F7E3F-9497-429B-ADFB-8B82034176F6}.Release|iPhone.ActiveCfg = Release|Any CPU
		{130F7E3F-9497-429B-ADFB-8B82034176F6}.Release|iPhone.Build.0 = Release|Any CPU
		{130F7E3F-9497-429B-ADFB-8B82034176F6}.Release|iPhoneSimulator.ActiveCfg = Release|Any CPU
		{130F7E3F-9497-429B-ADFB-8B82034176F6}.Release|iPhoneSimulator.Build.0 = Release|Any CPU
		{130F7E3F-9497-429B-ADFB-8B82034176F6}.Release|x64.ActiveCfg = Release|Any CPU
		{130F7E3F-9497-429B-ADFB-8B82034176F6}.Release|x64.Build.0 = Release|Any CPU
		{130F7E3F-9497-429B-ADFB-8B82034176F6}.Release|x86.ActiveCfg = Release|Any CPU
		{130F7E3F-9497-429B-ADFB-8B82034176F6}.Release|x86.Build.0 = Release|Any CPU
		{75056356-B54D-4D75-8CC6-5E852BB0C873}.Debug|Any CPU.ActiveCfg = Debug|Any CPU
		{75056356-B54D-4D75-8CC6-5E852BB0C873}.Debug|Any CPU.Build.0 = Debug|Any CPU
		{75056356-B54D-4D75-8CC6-5E852BB0C873}.Debug|ARM.ActiveCfg = Debug|Any CPU
		{75056356-B54D-4D75-8CC6-5E852BB0C873}.Debug|ARM.Build.0 = Debug|Any CPU
		{75056356-B54D-4D75-8CC6-5E852BB0C873}.Debug|iPhone.ActiveCfg = Debug|Any CPU
		{75056356-B54D-4D75-8CC6-5E852BB0C873}.Debug|iPhone.Build.0 = Debug|Any CPU
		{75056356-B54D-4D75-8CC6-5E852BB0C873}.Debug|iPhoneSimulator.ActiveCfg = Debug|Any CPU
		{75056356-B54D-4D75-8CC6-5E852BB0C873}.Debug|iPhoneSimulator.Build.0 = Debug|Any CPU
		{75056356-B54D-4D75-8CC6-5E852BB0C873}.Debug|x64.ActiveCfg = Debug|Any CPU
		{75056356-B54D-4D75-8CC6-5E852BB0C873}.Debug|x64.Build.0 = Debug|Any CPU
		{75056356-B54D-4D75-8CC6-5E852BB0C873}.Debug|x86.ActiveCfg = Debug|Any CPU
		{75056356-B54D-4D75-8CC6-5E852BB0C873}.Debug|x86.Build.0 = Debug|Any CPU
		{75056356-B54D-4D75-8CC6-5E852BB0C873}.Release|Any CPU.ActiveCfg = Release|Any CPU
		{75056356-B54D-4D75-8CC6-5E852BB0C873}.Release|Any CPU.Build.0 = Release|Any CPU
		{75056356-B54D-4D75-8CC6-5E852BB0C873}.Release|ARM.ActiveCfg = Release|Any CPU
		{75056356-B54D-4D75-8CC6-5E852BB0C873}.Release|ARM.Build.0 = Release|Any CPU
		{75056356-B54D-4D75-8CC6-5E852BB0C873}.Release|iPhone.ActiveCfg = Release|Any CPU
		{75056356-B54D-4D75-8CC6-5E852BB0C873}.Release|iPhone.Build.0 = Release|Any CPU
		{75056356-B54D-4D75-8CC6-5E852BB0C873}.Release|iPhoneSimulator.ActiveCfg = Release|Any CPU
		{75056356-B54D-4D75-8CC6-5E852BB0C873}.Release|iPhoneSimulator.Build.0 = Release|Any CPU
		{75056356-B54D-4D75-8CC6-5E852BB0C873}.Release|x64.ActiveCfg = Release|Any CPU
		{75056356-B54D-4D75-8CC6-5E852BB0C873}.Release|x64.Build.0 = Release|Any CPU
		{75056356-B54D-4D75-8CC6-5E852BB0C873}.Release|x86.ActiveCfg = Release|Any CPU
		{75056356-B54D-4D75-8CC6-5E852BB0C873}.Release|x86.Build.0 = Release|Any CPU
		{F5CB17C0-61B5-44F5-8D9D-AEA9A9243C92}.Debug|Any CPU.ActiveCfg = Debug|Any CPU
		{F5CB17C0-61B5-44F5-8D9D-AEA9A9243C92}.Debug|Any CPU.Build.0 = Debug|Any CPU
		{F5CB17C0-61B5-44F5-8D9D-AEA9A9243C92}.Debug|ARM.ActiveCfg = Debug|Any CPU
		{F5CB17C0-61B5-44F5-8D9D-AEA9A9243C92}.Debug|ARM.Build.0 = Debug|Any CPU
		{F5CB17C0-61B5-44F5-8D9D-AEA9A9243C92}.Debug|iPhone.ActiveCfg = Debug|Any CPU
		{F5CB17C0-61B5-44F5-8D9D-AEA9A9243C92}.Debug|iPhone.Build.0 = Debug|Any CPU
		{F5CB17C0-61B5-44F5-8D9D-AEA9A9243C92}.Debug|iPhoneSimulator.ActiveCfg = Debug|Any CPU
		{F5CB17C0-61B5-44F5-8D9D-AEA9A9243C92}.Debug|iPhoneSimulator.Build.0 = Debug|Any CPU
		{F5CB17C0-61B5-44F5-8D9D-AEA9A9243C92}.Debug|x64.ActiveCfg = Debug|Any CPU
		{F5CB17C0-61B5-44F5-8D9D-AEA9A9243C92}.Debug|x64.Build.0 = Debug|Any CPU
		{F5CB17C0-61B5-44F5-8D9D-AEA9A9243C92}.Debug|x86.ActiveCfg = Debug|Any CPU
		{F5CB17C0-61B5-44F5-8D9D-AEA9A9243C92}.Debug|x86.Build.0 = Debug|Any CPU
		{F5CB17C0-61B5-44F5-8D9D-AEA9A9243C92}.Release|Any CPU.ActiveCfg = Release|Any CPU
		{F5CB17C0-61B5-44F5-8D9D-AEA9A9243C92}.Release|Any CPU.Build.0 = Release|Any CPU
		{F5CB17C0-61B5-44F5-8D9D-AEA9A9243C92}.Release|ARM.ActiveCfg = Release|Any CPU
		{F5CB17C0-61B5-44F5-8D9D-AEA9A9243C92}.Release|ARM.Build.0 = Release|Any CPU
		{F5CB17C0-61B5-44F5-8D9D-AEA9A9243C92}.Release|iPhone.ActiveCfg = Release|Any CPU
		{F5CB17C0-61B5-44F5-8D9D-AEA9A9243C92}.Release|iPhone.Build.0 = Release|Any CPU
		{F5CB17C0-61B5-44F5-8D9D-AEA9A9243C92}.Release|iPhoneSimulator.ActiveCfg = Release|Any CPU
		{F5CB17C0-61B5-44F5-8D9D-AEA9A9243C92}.Release|iPhoneSimulator.Build.0 = Release|Any CPU
		{F5CB17C0-61B5-44F5-8D9D-AEA9A9243C92}.Release|x64.ActiveCfg = Release|Any CPU
		{F5CB17C0-61B5-44F5-8D9D-AEA9A9243C92}.Release|x64.Build.0 = Release|Any CPU
		{F5CB17C0-61B5-44F5-8D9D-AEA9A9243C92}.Release|x86.ActiveCfg = Release|Any CPU
		{F5CB17C0-61B5-44F5-8D9D-AEA9A9243C92}.Release|x86.Build.0 = Release|Any CPU
		{2A71A5F8-C0F1-4957-8B50-CE1F5398A7E0}.Debug|Any CPU.ActiveCfg = Debug|Any CPU
		{2A71A5F8-C0F1-4957-8B50-CE1F5398A7E0}.Debug|Any CPU.Build.0 = Debug|Any CPU
		{2A71A5F8-C0F1-4957-8B50-CE1F5398A7E0}.Debug|ARM.ActiveCfg = Debug|Any CPU
		{2A71A5F8-C0F1-4957-8B50-CE1F5398A7E0}.Debug|ARM.Build.0 = Debug|Any CPU
		{2A71A5F8-C0F1-4957-8B50-CE1F5398A7E0}.Debug|iPhone.ActiveCfg = Debug|Any CPU
		{2A71A5F8-C0F1-4957-8B50-CE1F5398A7E0}.Debug|iPhone.Build.0 = Debug|Any CPU
		{2A71A5F8-C0F1-4957-8B50-CE1F5398A7E0}.Debug|iPhoneSimulator.ActiveCfg = Debug|Any CPU
		{2A71A5F8-C0F1-4957-8B50-CE1F5398A7E0}.Debug|iPhoneSimulator.Build.0 = Debug|Any CPU
		{2A71A5F8-C0F1-4957-8B50-CE1F5398A7E0}.Debug|x64.ActiveCfg = Debug|Any CPU
		{2A71A5F8-C0F1-4957-8B50-CE1F5398A7E0}.Debug|x64.Build.0 = Debug|Any CPU
		{2A71A5F8-C0F1-4957-8B50-CE1F5398A7E0}.Debug|x86.ActiveCfg = Debug|Any CPU
		{2A71A5F8-C0F1-4957-8B50-CE1F5398A7E0}.Debug|x86.Build.0 = Debug|Any CPU
		{2A71A5F8-C0F1-4957-8B50-CE1F5398A7E0}.Release|Any CPU.ActiveCfg = Release|Any CPU
		{2A71A5F8-C0F1-4957-8B50-CE1F5398A7E0}.Release|Any CPU.Build.0 = Release|Any CPU
		{2A71A5F8-C0F1-4957-8B50-CE1F5398A7E0}.Release|ARM.ActiveCfg = Release|Any CPU
		{2A71A5F8-C0F1-4957-8B50-CE1F5398A7E0}.Release|ARM.Build.0 = Release|Any CPU
		{2A71A5F8-C0F1-4957-8B50-CE1F5398A7E0}.Release|iPhone.ActiveCfg = Release|Any CPU
		{2A71A5F8-C0F1-4957-8B50-CE1F5398A7E0}.Release|iPhone.Build.0 = Release|Any CPU
		{2A71A5F8-C0F1-4957-8B50-CE1F5398A7E0}.Release|iPhoneSimulator.ActiveCfg = Release|Any CPU
		{2A71A5F8-C0F1-4957-8B50-CE1F5398A7E0}.Release|iPhoneSimulator.Build.0 = Release|Any CPU
		{2A71A5F8-C0F1-4957-8B50-CE1F5398A7E0}.Release|x64.ActiveCfg = Release|Any CPU
		{2A71A5F8-C0F1-4957-8B50-CE1F5398A7E0}.Release|x64.Build.0 = Release|Any CPU
		{2A71A5F8-C0F1-4957-8B50-CE1F5398A7E0}.Release|x86.ActiveCfg = Release|Any CPU
		{2A71A5F8-C0F1-4957-8B50-CE1F5398A7E0}.Release|x86.Build.0 = Release|Any CPU
		{B6A28F76-AF04-4164-84C4-9976A47908B2}.Debug|Any CPU.ActiveCfg = Debug|Any CPU
		{B6A28F76-AF04-4164-84C4-9976A47908B2}.Debug|Any CPU.Build.0 = Debug|Any CPU
		{B6A28F76-AF04-4164-84C4-9976A47908B2}.Debug|ARM.ActiveCfg = Debug|Any CPU
		{B6A28F76-AF04-4164-84C4-9976A47908B2}.Debug|ARM.Build.0 = Debug|Any CPU
		{B6A28F76-AF04-4164-84C4-9976A47908B2}.Debug|iPhone.ActiveCfg = Debug|Any CPU
		{B6A28F76-AF04-4164-84C4-9976A47908B2}.Debug|iPhone.Build.0 = Debug|Any CPU
		{B6A28F76-AF04-4164-84C4-9976A47908B2}.Debug|iPhoneSimulator.ActiveCfg = Debug|Any CPU
		{B6A28F76-AF04-4164-84C4-9976A47908B2}.Debug|iPhoneSimulator.Build.0 = Debug|Any CPU
		{B6A28F76-AF04-4164-84C4-9976A47908B2}.Debug|x64.ActiveCfg = Debug|Any CPU
		{B6A28F76-AF04-4164-84C4-9976A47908B2}.Debug|x64.Build.0 = Debug|Any CPU
		{B6A28F76-AF04-4164-84C4-9976A47908B2}.Debug|x86.ActiveCfg = Debug|Any CPU
		{B6A28F76-AF04-4164-84C4-9976A47908B2}.Debug|x86.Build.0 = Debug|Any CPU
		{B6A28F76-AF04-4164-84C4-9976A47908B2}.Release|Any CPU.ActiveCfg = Release|Any CPU
		{B6A28F76-AF04-4164-84C4-9976A47908B2}.Release|Any CPU.Build.0 = Release|Any CPU
		{B6A28F76-AF04-4164-84C4-9976A47908B2}.Release|ARM.ActiveCfg = Release|Any CPU
		{B6A28F76-AF04-4164-84C4-9976A47908B2}.Release|ARM.Build.0 = Release|Any CPU
		{B6A28F76-AF04-4164-84C4-9976A47908B2}.Release|iPhone.ActiveCfg = Release|Any CPU
		{B6A28F76-AF04-4164-84C4-9976A47908B2}.Release|iPhone.Build.0 = Release|Any CPU
		{B6A28F76-AF04-4164-84C4-9976A47908B2}.Release|iPhoneSimulator.ActiveCfg = Release|Any CPU
		{B6A28F76-AF04-4164-84C4-9976A47908B2}.Release|iPhoneSimulator.Build.0 = Release|Any CPU
		{B6A28F76-AF04-4164-84C4-9976A47908B2}.Release|x64.ActiveCfg = Release|Any CPU
		{B6A28F76-AF04-4164-84C4-9976A47908B2}.Release|x64.Build.0 = Release|Any CPU
		{B6A28F76-AF04-4164-84C4-9976A47908B2}.Release|x86.ActiveCfg = Release|Any CPU
		{B6A28F76-AF04-4164-84C4-9976A47908B2}.Release|x86.Build.0 = Release|Any CPU
		{26EEEB46-9712-49C6-918E-A056CE0C324C}.Debug|Any CPU.ActiveCfg = Debug|Any CPU
		{26EEEB46-9712-49C6-918E-A056CE0C324C}.Debug|Any CPU.Build.0 = Debug|Any CPU
		{26EEEB46-9712-49C6-918E-A056CE0C324C}.Debug|ARM.ActiveCfg = Debug|Any CPU
		{26EEEB46-9712-49C6-918E-A056CE0C324C}.Debug|ARM.Build.0 = Debug|Any CPU
		{26EEEB46-9712-49C6-918E-A056CE0C324C}.Debug|iPhone.ActiveCfg = Debug|Any CPU
		{26EEEB46-9712-49C6-918E-A056CE0C324C}.Debug|iPhone.Build.0 = Debug|Any CPU
		{26EEEB46-9712-49C6-918E-A056CE0C324C}.Debug|iPhoneSimulator.ActiveCfg = Debug|Any CPU
		{26EEEB46-9712-49C6-918E-A056CE0C324C}.Debug|iPhoneSimulator.Build.0 = Debug|Any CPU
		{26EEEB46-9712-49C6-918E-A056CE0C324C}.Debug|x64.ActiveCfg = Debug|Any CPU
		{26EEEB46-9712-49C6-918E-A056CE0C324C}.Debug|x64.Build.0 = Debug|Any CPU
		{26EEEB46-9712-49C6-918E-A056CE0C324C}.Debug|x86.ActiveCfg = Debug|Any CPU
		{26EEEB46-9712-49C6-918E-A056CE0C324C}.Debug|x86.Build.0 = Debug|Any CPU
		{26EEEB46-9712-49C6-918E-A056CE0C324C}.Release|Any CPU.ActiveCfg = Release|Any CPU
		{26EEEB46-9712-49C6-918E-A056CE0C324C}.Release|Any CPU.Build.0 = Release|Any CPU
		{26EEEB46-9712-49C6-918E-A056CE0C324C}.Release|ARM.ActiveCfg = Release|Any CPU
		{26EEEB46-9712-49C6-918E-A056CE0C324C}.Release|ARM.Build.0 = Release|Any CPU
		{26EEEB46-9712-49C6-918E-A056CE0C324C}.Release|iPhone.ActiveCfg = Release|Any CPU
		{26EEEB46-9712-49C6-918E-A056CE0C324C}.Release|iPhone.Build.0 = Release|Any CPU
		{26EEEB46-9712-49C6-918E-A056CE0C324C}.Release|iPhoneSimulator.ActiveCfg = Release|Any CPU
		{26EEEB46-9712-49C6-918E-A056CE0C324C}.Release|iPhoneSimulator.Build.0 = Release|Any CPU
		{26EEEB46-9712-49C6-918E-A056CE0C324C}.Release|x64.ActiveCfg = Release|Any CPU
		{26EEEB46-9712-49C6-918E-A056CE0C324C}.Release|x64.Build.0 = Release|Any CPU
		{26EEEB46-9712-49C6-918E-A056CE0C324C}.Release|x86.ActiveCfg = Release|Any CPU
		{26EEEB46-9712-49C6-918E-A056CE0C324C}.Release|x86.Build.0 = Release|Any CPU
		{40CF1D0F-BBA1-424E-9DFA-8686959922B8}.Debug|Any CPU.ActiveCfg = Debug|x86
		{40CF1D0F-BBA1-424E-9DFA-8686959922B8}.Debug|ARM.ActiveCfg = Debug|ARM
		{40CF1D0F-BBA1-424E-9DFA-8686959922B8}.Debug|ARM.Build.0 = Debug|ARM
		{40CF1D0F-BBA1-424E-9DFA-8686959922B8}.Debug|ARM.Deploy.0 = Debug|ARM
		{40CF1D0F-BBA1-424E-9DFA-8686959922B8}.Debug|iPhone.ActiveCfg = Debug|x86
		{40CF1D0F-BBA1-424E-9DFA-8686959922B8}.Debug|iPhoneSimulator.ActiveCfg = Debug|x86
		{40CF1D0F-BBA1-424E-9DFA-8686959922B8}.Debug|x64.ActiveCfg = Debug|x64
		{40CF1D0F-BBA1-424E-9DFA-8686959922B8}.Debug|x64.Build.0 = Debug|x64
		{40CF1D0F-BBA1-424E-9DFA-8686959922B8}.Debug|x64.Deploy.0 = Debug|x64
		{40CF1D0F-BBA1-424E-9DFA-8686959922B8}.Debug|x86.ActiveCfg = Debug|x86
		{40CF1D0F-BBA1-424E-9DFA-8686959922B8}.Debug|x86.Build.0 = Debug|x86
		{40CF1D0F-BBA1-424E-9DFA-8686959922B8}.Debug|x86.Deploy.0 = Debug|x86
		{40CF1D0F-BBA1-424E-9DFA-8686959922B8}.Release|Any CPU.ActiveCfg = Release|x86
		{40CF1D0F-BBA1-424E-9DFA-8686959922B8}.Release|ARM.ActiveCfg = Release|ARM
		{40CF1D0F-BBA1-424E-9DFA-8686959922B8}.Release|ARM.Build.0 = Release|ARM
		{40CF1D0F-BBA1-424E-9DFA-8686959922B8}.Release|ARM.Deploy.0 = Release|ARM
		{40CF1D0F-BBA1-424E-9DFA-8686959922B8}.Release|iPhone.ActiveCfg = Release|x86
		{40CF1D0F-BBA1-424E-9DFA-8686959922B8}.Release|iPhoneSimulator.ActiveCfg = Release|x86
		{40CF1D0F-BBA1-424E-9DFA-8686959922B8}.Release|x64.ActiveCfg = Release|x64
		{40CF1D0F-BBA1-424E-9DFA-8686959922B8}.Release|x64.Build.0 = Release|x64
		{40CF1D0F-BBA1-424E-9DFA-8686959922B8}.Release|x64.Deploy.0 = Release|x64
		{40CF1D0F-BBA1-424E-9DFA-8686959922B8}.Release|x86.ActiveCfg = Release|x86
		{40CF1D0F-BBA1-424E-9DFA-8686959922B8}.Release|x86.Build.0 = Release|x86
		{40CF1D0F-BBA1-424E-9DFA-8686959922B8}.Release|x86.Deploy.0 = Release|x86
		{D932BE31-2A5C-4D81-939F-79BA2220B221}.Debug|Any CPU.ActiveCfg = Debug|Any CPU
		{D932BE31-2A5C-4D81-939F-79BA2220B221}.Debug|Any CPU.Build.0 = Debug|Any CPU
		{D932BE31-2A5C-4D81-939F-79BA2220B221}.Debug|Any CPU.Deploy.0 = Debug|Any CPU
		{D932BE31-2A5C-4D81-939F-79BA2220B221}.Debug|ARM.ActiveCfg = Debug|Any CPU
		{D932BE31-2A5C-4D81-939F-79BA2220B221}.Debug|ARM.Build.0 = Debug|Any CPU
		{D932BE31-2A5C-4D81-939F-79BA2220B221}.Debug|ARM.Deploy.0 = Debug|Any CPU
		{D932BE31-2A5C-4D81-939F-79BA2220B221}.Debug|iPhone.ActiveCfg = Debug|Any CPU
		{D932BE31-2A5C-4D81-939F-79BA2220B221}.Debug|iPhone.Build.0 = Debug|Any CPU
		{D932BE31-2A5C-4D81-939F-79BA2220B221}.Debug|iPhone.Deploy.0 = Debug|Any CPU
		{D932BE31-2A5C-4D81-939F-79BA2220B221}.Debug|iPhoneSimulator.ActiveCfg = Debug|Any CPU
		{D932BE31-2A5C-4D81-939F-79BA2220B221}.Debug|iPhoneSimulator.Build.0 = Debug|Any CPU
		{D932BE31-2A5C-4D81-939F-79BA2220B221}.Debug|iPhoneSimulator.Deploy.0 = Debug|Any CPU
		{D932BE31-2A5C-4D81-939F-79BA2220B221}.Debug|x64.ActiveCfg = Debug|Any CPU
		{D932BE31-2A5C-4D81-939F-79BA2220B221}.Debug|x64.Build.0 = Debug|Any CPU
		{D932BE31-2A5C-4D81-939F-79BA2220B221}.Debug|x64.Deploy.0 = Debug|Any CPU
		{D932BE31-2A5C-4D81-939F-79BA2220B221}.Debug|x86.ActiveCfg = Debug|Any CPU
		{D932BE31-2A5C-4D81-939F-79BA2220B221}.Debug|x86.Build.0 = Debug|Any CPU
		{D932BE31-2A5C-4D81-939F-79BA2220B221}.Debug|x86.Deploy.0 = Debug|Any CPU
		{D932BE31-2A5C-4D81-939F-79BA2220B221}.Release|Any CPU.ActiveCfg = Release|Any CPU
		{D932BE31-2A5C-4D81-939F-79BA2220B221}.Release|Any CPU.Build.0 = Release|Any CPU
		{D932BE31-2A5C-4D81-939F-79BA2220B221}.Release|Any CPU.Deploy.0 = Release|Any CPU
		{D932BE31-2A5C-4D81-939F-79BA2220B221}.Release|ARM.ActiveCfg = Release|Any CPU
		{D932BE31-2A5C-4D81-939F-79BA2220B221}.Release|ARM.Build.0 = Release|Any CPU
		{D932BE31-2A5C-4D81-939F-79BA2220B221}.Release|ARM.Deploy.0 = Release|Any CPU
		{D932BE31-2A5C-4D81-939F-79BA2220B221}.Release|iPhone.ActiveCfg = Release|Any CPU
		{D932BE31-2A5C-4D81-939F-79BA2220B221}.Release|iPhone.Build.0 = Release|Any CPU
		{D932BE31-2A5C-4D81-939F-79BA2220B221}.Release|iPhone.Deploy.0 = Release|Any CPU
		{D932BE31-2A5C-4D81-939F-79BA2220B221}.Release|iPhoneSimulator.ActiveCfg = Release|Any CPU
		{D932BE31-2A5C-4D81-939F-79BA2220B221}.Release|iPhoneSimulator.Build.0 = Release|Any CPU
		{D932BE31-2A5C-4D81-939F-79BA2220B221}.Release|iPhoneSimulator.Deploy.0 = Release|Any CPU
		{D932BE31-2A5C-4D81-939F-79BA2220B221}.Release|x64.ActiveCfg = Release|Any CPU
		{D932BE31-2A5C-4D81-939F-79BA2220B221}.Release|x64.Build.0 = Release|Any CPU
		{D932BE31-2A5C-4D81-939F-79BA2220B221}.Release|x64.Deploy.0 = Release|Any CPU
		{D932BE31-2A5C-4D81-939F-79BA2220B221}.Release|x86.ActiveCfg = Release|Any CPU
		{D932BE31-2A5C-4D81-939F-79BA2220B221}.Release|x86.Build.0 = Release|Any CPU
		{D932BE31-2A5C-4D81-939F-79BA2220B221}.Release|x86.Deploy.0 = Release|Any CPU
		{2A398F39-4DC8-489D-B018-DD494C78F4CA}.Debug|Any CPU.ActiveCfg = Debug|iPhone
		{2A398F39-4DC8-489D-B018-DD494C78F4CA}.Debug|ARM.ActiveCfg = Debug|iPhone
		{2A398F39-4DC8-489D-B018-DD494C78F4CA}.Debug|iPhone.ActiveCfg = Debug|iPhone
		{2A398F39-4DC8-489D-B018-DD494C78F4CA}.Debug|iPhone.Build.0 = Debug|iPhone
		{2A398F39-4DC8-489D-B018-DD494C78F4CA}.Debug|iPhoneSimulator.ActiveCfg = Debug|iPhoneSimulator
		{2A398F39-4DC8-489D-B018-DD494C78F4CA}.Debug|iPhoneSimulator.Build.0 = Debug|iPhoneSimulator
		{2A398F39-4DC8-489D-B018-DD494C78F4CA}.Debug|x64.ActiveCfg = Debug|iPhone
		{2A398F39-4DC8-489D-B018-DD494C78F4CA}.Debug|x86.ActiveCfg = Debug|iPhone
		{2A398F39-4DC8-489D-B018-DD494C78F4CA}.Release|Any CPU.ActiveCfg = Release|iPhone
		{2A398F39-4DC8-489D-B018-DD494C78F4CA}.Release|ARM.ActiveCfg = Release|iPhone
		{2A398F39-4DC8-489D-B018-DD494C78F4CA}.Release|iPhone.ActiveCfg = Release|iPhone
		{2A398F39-4DC8-489D-B018-DD494C78F4CA}.Release|iPhone.Build.0 = Release|iPhone
		{2A398F39-4DC8-489D-B018-DD494C78F4CA}.Release|iPhoneSimulator.ActiveCfg = Release|iPhoneSimulator
		{2A398F39-4DC8-489D-B018-DD494C78F4CA}.Release|iPhoneSimulator.Build.0 = Release|iPhoneSimulator
		{2A398F39-4DC8-489D-B018-DD494C78F4CA}.Release|x64.ActiveCfg = Release|iPhone
		{2A398F39-4DC8-489D-B018-DD494C78F4CA}.Release|x86.ActiveCfg = Release|iPhone
		{B084C329-C03E-400F-9913-C409F7062EAC}.Debug|Any CPU.ActiveCfg = Debug|Any CPU
		{B084C329-C03E-400F-9913-C409F7062EAC}.Debug|Any CPU.Build.0 = Debug|Any CPU
		{B084C329-C03E-400F-9913-C409F7062EAC}.Debug|ARM.ActiveCfg = Debug|Any CPU
		{B084C329-C03E-400F-9913-C409F7062EAC}.Debug|ARM.Build.0 = Debug|Any CPU
		{B084C329-C03E-400F-9913-C409F7062EAC}.Debug|iPhone.ActiveCfg = Debug|Any CPU
		{B084C329-C03E-400F-9913-C409F7062EAC}.Debug|iPhone.Build.0 = Debug|Any CPU
		{B084C329-C03E-400F-9913-C409F7062EAC}.Debug|iPhoneSimulator.ActiveCfg = Debug|Any CPU
		{B084C329-C03E-400F-9913-C409F7062EAC}.Debug|iPhoneSimulator.Build.0 = Debug|Any CPU
		{B084C329-C03E-400F-9913-C409F7062EAC}.Debug|x64.ActiveCfg = Debug|Any CPU
		{B084C329-C03E-400F-9913-C409F7062EAC}.Debug|x64.Build.0 = Debug|Any CPU
		{B084C329-C03E-400F-9913-C409F7062EAC}.Debug|x86.ActiveCfg = Debug|Any CPU
		{B084C329-C03E-400F-9913-C409F7062EAC}.Debug|x86.Build.0 = Debug|Any CPU
		{B084C329-C03E-400F-9913-C409F7062EAC}.Release|Any CPU.ActiveCfg = Release|Any CPU
		{B084C329-C03E-400F-9913-C409F7062EAC}.Release|Any CPU.Build.0 = Release|Any CPU
		{B084C329-C03E-400F-9913-C409F7062EAC}.Release|ARM.ActiveCfg = Release|Any CPU
		{B084C329-C03E-400F-9913-C409F7062EAC}.Release|ARM.Build.0 = Release|Any CPU
		{B084C329-C03E-400F-9913-C409F7062EAC}.Release|iPhone.ActiveCfg = Release|Any CPU
		{B084C329-C03E-400F-9913-C409F7062EAC}.Release|iPhone.Build.0 = Release|Any CPU
		{B084C329-C03E-400F-9913-C409F7062EAC}.Release|iPhoneSimulator.ActiveCfg = Release|Any CPU
		{B084C329-C03E-400F-9913-C409F7062EAC}.Release|iPhoneSimulator.Build.0 = Release|Any CPU
		{B084C329-C03E-400F-9913-C409F7062EAC}.Release|x64.ActiveCfg = Release|Any CPU
		{B084C329-C03E-400F-9913-C409F7062EAC}.Release|x64.Build.0 = Release|Any CPU
		{B084C329-C03E-400F-9913-C409F7062EAC}.Release|x86.ActiveCfg = Release|Any CPU
		{B084C329-C03E-400F-9913-C409F7062EAC}.Release|x86.Build.0 = Release|Any CPU
		{586EAA5F-8079-4456-868A-691E27293D80}.Debug|Any CPU.ActiveCfg = Debug|Any CPU
		{586EAA5F-8079-4456-868A-691E27293D80}.Debug|Any CPU.Build.0 = Debug|Any CPU
		{586EAA5F-8079-4456-868A-691E27293D80}.Debug|ARM.ActiveCfg = Debug|Any CPU
		{586EAA5F-8079-4456-868A-691E27293D80}.Debug|ARM.Build.0 = Debug|Any CPU
		{586EAA5F-8079-4456-868A-691E27293D80}.Debug|iPhone.ActiveCfg = Debug|Any CPU
		{586EAA5F-8079-4456-868A-691E27293D80}.Debug|iPhone.Build.0 = Debug|Any CPU
		{586EAA5F-8079-4456-868A-691E27293D80}.Debug|iPhoneSimulator.ActiveCfg = Debug|Any CPU
		{586EAA5F-8079-4456-868A-691E27293D80}.Debug|iPhoneSimulator.Build.0 = Debug|Any CPU
		{586EAA5F-8079-4456-868A-691E27293D80}.Debug|x64.ActiveCfg = Debug|Any CPU
		{586EAA5F-8079-4456-868A-691E27293D80}.Debug|x64.Build.0 = Debug|Any CPU
		{586EAA5F-8079-4456-868A-691E27293D80}.Debug|x86.ActiveCfg = Debug|Any CPU
		{586EAA5F-8079-4456-868A-691E27293D80}.Debug|x86.Build.0 = Debug|Any CPU
		{586EAA5F-8079-4456-868A-691E27293D80}.Release|Any CPU.ActiveCfg = Release|Any CPU
		{586EAA5F-8079-4456-868A-691E27293D80}.Release|Any CPU.Build.0 = Release|Any CPU
		{586EAA5F-8079-4456-868A-691E27293D80}.Release|ARM.ActiveCfg = Release|Any CPU
		{586EAA5F-8079-4456-868A-691E27293D80}.Release|ARM.Build.0 = Release|Any CPU
		{586EAA5F-8079-4456-868A-691E27293D80}.Release|iPhone.ActiveCfg = Release|Any CPU
		{586EAA5F-8079-4456-868A-691E27293D80}.Release|iPhone.Build.0 = Release|Any CPU
		{586EAA5F-8079-4456-868A-691E27293D80}.Release|iPhoneSimulator.ActiveCfg = Release|Any CPU
		{586EAA5F-8079-4456-868A-691E27293D80}.Release|iPhoneSimulator.Build.0 = Release|Any CPU
		{586EAA5F-8079-4456-868A-691E27293D80}.Release|x64.ActiveCfg = Release|Any CPU
		{586EAA5F-8079-4456-868A-691E27293D80}.Release|x64.Build.0 = Release|Any CPU
		{586EAA5F-8079-4456-868A-691E27293D80}.Release|x86.ActiveCfg = Release|Any CPU
		{586EAA5F-8079-4456-868A-691E27293D80}.Release|x86.Build.0 = Release|Any CPU
		{E5D78880-E2F8-40D1-8F82-FA271436939E}.Debug|Any CPU.ActiveCfg = Debug|Any CPU
		{E5D78880-E2F8-40D1-8F82-FA271436939E}.Debug|Any CPU.Build.0 = Debug|Any CPU
		{E5D78880-E2F8-40D1-8F82-FA271436939E}.Debug|ARM.ActiveCfg = Debug|Any CPU
		{E5D78880-E2F8-40D1-8F82-FA271436939E}.Debug|ARM.Build.0 = Debug|Any CPU
		{E5D78880-E2F8-40D1-8F82-FA271436939E}.Debug|iPhone.ActiveCfg = Debug|Any CPU
		{E5D78880-E2F8-40D1-8F82-FA271436939E}.Debug|iPhone.Build.0 = Debug|Any CPU
		{E5D78880-E2F8-40D1-8F82-FA271436939E}.Debug|iPhoneSimulator.ActiveCfg = Debug|Any CPU
		{E5D78880-E2F8-40D1-8F82-FA271436939E}.Debug|iPhoneSimulator.Build.0 = Debug|Any CPU
		{E5D78880-E2F8-40D1-8F82-FA271436939E}.Debug|x64.ActiveCfg = Debug|Any CPU
		{E5D78880-E2F8-40D1-8F82-FA271436939E}.Debug|x64.Build.0 = Debug|Any CPU
		{E5D78880-E2F8-40D1-8F82-FA271436939E}.Debug|x86.ActiveCfg = Debug|Any CPU
		{E5D78880-E2F8-40D1-8F82-FA271436939E}.Debug|x86.Build.0 = Debug|Any CPU
		{E5D78880-E2F8-40D1-8F82-FA271436939E}.Release|Any CPU.ActiveCfg = Release|Any CPU
		{E5D78880-E2F8-40D1-8F82-FA271436939E}.Release|Any CPU.Build.0 = Release|Any CPU
		{E5D78880-E2F8-40D1-8F82-FA271436939E}.Release|ARM.ActiveCfg = Release|Any CPU
		{E5D78880-E2F8-40D1-8F82-FA271436939E}.Release|ARM.Build.0 = Release|Any CPU
		{E5D78880-E2F8-40D1-8F82-FA271436939E}.Release|iPhone.ActiveCfg = Release|Any CPU
		{E5D78880-E2F8-40D1-8F82-FA271436939E}.Release|iPhone.Build.0 = Release|Any CPU
		{E5D78880-E2F8-40D1-8F82-FA271436939E}.Release|iPhoneSimulator.ActiveCfg = Release|Any CPU
		{E5D78880-E2F8-40D1-8F82-FA271436939E}.Release|iPhoneSimulator.Build.0 = Release|Any CPU
		{E5D78880-E2F8-40D1-8F82-FA271436939E}.Release|x64.ActiveCfg = Release|Any CPU
		{E5D78880-E2F8-40D1-8F82-FA271436939E}.Release|x64.Build.0 = Release|Any CPU
		{E5D78880-E2F8-40D1-8F82-FA271436939E}.Release|x86.ActiveCfg = Release|Any CPU
		{E5D78880-E2F8-40D1-8F82-FA271436939E}.Release|x86.Build.0 = Release|Any CPU
		{6164B477-0443-4C42-8397-50BF82768978}.Debug|Any CPU.ActiveCfg = Debug|Any CPU
		{6164B477-0443-4C42-8397-50BF82768978}.Debug|Any CPU.Build.0 = Debug|Any CPU
		{6164B477-0443-4C42-8397-50BF82768978}.Debug|ARM.ActiveCfg = Debug|Any CPU
		{6164B477-0443-4C42-8397-50BF82768978}.Debug|ARM.Build.0 = Debug|Any CPU
		{6164B477-0443-4C42-8397-50BF82768978}.Debug|iPhone.ActiveCfg = Debug|Any CPU
		{6164B477-0443-4C42-8397-50BF82768978}.Debug|iPhone.Build.0 = Debug|Any CPU
		{6164B477-0443-4C42-8397-50BF82768978}.Debug|iPhoneSimulator.ActiveCfg = Debug|Any CPU
		{6164B477-0443-4C42-8397-50BF82768978}.Debug|iPhoneSimulator.Build.0 = Debug|Any CPU
		{6164B477-0443-4C42-8397-50BF82768978}.Debug|x64.ActiveCfg = Debug|Any CPU
		{6164B477-0443-4C42-8397-50BF82768978}.Debug|x64.Build.0 = Debug|Any CPU
		{6164B477-0443-4C42-8397-50BF82768978}.Debug|x86.ActiveCfg = Debug|Any CPU
		{6164B477-0443-4C42-8397-50BF82768978}.Debug|x86.Build.0 = Debug|Any CPU
		{6164B477-0443-4C42-8397-50BF82768978}.Release|Any CPU.ActiveCfg = Release|Any CPU
		{6164B477-0443-4C42-8397-50BF82768978}.Release|Any CPU.Build.0 = Release|Any CPU
		{6164B477-0443-4C42-8397-50BF82768978}.Release|ARM.ActiveCfg = Release|Any CPU
		{6164B477-0443-4C42-8397-50BF82768978}.Release|ARM.Build.0 = Release|Any CPU
		{6164B477-0443-4C42-8397-50BF82768978}.Release|iPhone.ActiveCfg = Release|Any CPU
		{6164B477-0443-4C42-8397-50BF82768978}.Release|iPhone.Build.0 = Release|Any CPU
		{6164B477-0443-4C42-8397-50BF82768978}.Release|iPhoneSimulator.ActiveCfg = Release|Any CPU
		{6164B477-0443-4C42-8397-50BF82768978}.Release|iPhoneSimulator.Build.0 = Release|Any CPU
		{6164B477-0443-4C42-8397-50BF82768978}.Release|x64.ActiveCfg = Release|Any CPU
		{6164B477-0443-4C42-8397-50BF82768978}.Release|x64.Build.0 = Release|Any CPU
		{6164B477-0443-4C42-8397-50BF82768978}.Release|x86.ActiveCfg = Release|Any CPU
		{6164B477-0443-4C42-8397-50BF82768978}.Release|x86.Build.0 = Release|Any CPU
		{3E1B3C00-F98B-4C1B-912B-83836207A5E7}.Debug|Any CPU.ActiveCfg = Debug|Any CPU
		{3E1B3C00-F98B-4C1B-912B-83836207A5E7}.Debug|Any CPU.Build.0 = Debug|Any CPU
		{3E1B3C00-F98B-4C1B-912B-83836207A5E7}.Debug|ARM.ActiveCfg = Debug|Any CPU
		{3E1B3C00-F98B-4C1B-912B-83836207A5E7}.Debug|ARM.Build.0 = Debug|Any CPU
		{3E1B3C00-F98B-4C1B-912B-83836207A5E7}.Debug|iPhone.ActiveCfg = Debug|Any CPU
		{3E1B3C00-F98B-4C1B-912B-83836207A5E7}.Debug|iPhone.Build.0 = Debug|Any CPU
		{3E1B3C00-F98B-4C1B-912B-83836207A5E7}.Debug|iPhoneSimulator.ActiveCfg = Debug|Any CPU
		{3E1B3C00-F98B-4C1B-912B-83836207A5E7}.Debug|iPhoneSimulator.Build.0 = Debug|Any CPU
		{3E1B3C00-F98B-4C1B-912B-83836207A5E7}.Debug|x64.ActiveCfg = Debug|Any CPU
		{3E1B3C00-F98B-4C1B-912B-83836207A5E7}.Debug|x64.Build.0 = Debug|Any CPU
		{3E1B3C00-F98B-4C1B-912B-83836207A5E7}.Debug|x86.ActiveCfg = Debug|Any CPU
		{3E1B3C00-F98B-4C1B-912B-83836207A5E7}.Debug|x86.Build.0 = Debug|Any CPU
		{3E1B3C00-F98B-4C1B-912B-83836207A5E7}.Release|Any CPU.ActiveCfg = Release|Any CPU
		{3E1B3C00-F98B-4C1B-912B-83836207A5E7}.Release|Any CPU.Build.0 = Release|Any CPU
		{3E1B3C00-F98B-4C1B-912B-83836207A5E7}.Release|ARM.ActiveCfg = Release|Any CPU
		{3E1B3C00-F98B-4C1B-912B-83836207A5E7}.Release|ARM.Build.0 = Release|Any CPU
		{3E1B3C00-F98B-4C1B-912B-83836207A5E7}.Release|iPhone.ActiveCfg = Release|Any CPU
		{3E1B3C00-F98B-4C1B-912B-83836207A5E7}.Release|iPhone.Build.0 = Release|Any CPU
		{3E1B3C00-F98B-4C1B-912B-83836207A5E7}.Release|iPhoneSimulator.ActiveCfg = Release|Any CPU
		{3E1B3C00-F98B-4C1B-912B-83836207A5E7}.Release|iPhoneSimulator.Build.0 = Release|Any CPU
		{3E1B3C00-F98B-4C1B-912B-83836207A5E7}.Release|x64.ActiveCfg = Release|Any CPU
		{3E1B3C00-F98B-4C1B-912B-83836207A5E7}.Release|x64.Build.0 = Release|Any CPU
		{3E1B3C00-F98B-4C1B-912B-83836207A5E7}.Release|x86.ActiveCfg = Release|Any CPU
		{3E1B3C00-F98B-4C1B-912B-83836207A5E7}.Release|x86.Build.0 = Release|Any CPU
		{35E8C367-B392-4821-8B92-837B2219D6D9}.Debug|Any CPU.ActiveCfg = Debug|Any CPU
		{35E8C367-B392-4821-8B92-837B2219D6D9}.Debug|Any CPU.Build.0 = Debug|Any CPU
		{35E8C367-B392-4821-8B92-837B2219D6D9}.Debug|ARM.ActiveCfg = Debug|Any CPU
		{35E8C367-B392-4821-8B92-837B2219D6D9}.Debug|ARM.Build.0 = Debug|Any CPU
		{35E8C367-B392-4821-8B92-837B2219D6D9}.Debug|iPhone.ActiveCfg = Debug|Any CPU
		{35E8C367-B392-4821-8B92-837B2219D6D9}.Debug|iPhone.Build.0 = Debug|Any CPU
		{35E8C367-B392-4821-8B92-837B2219D6D9}.Debug|iPhoneSimulator.ActiveCfg = Debug|Any CPU
		{35E8C367-B392-4821-8B92-837B2219D6D9}.Debug|iPhoneSimulator.Build.0 = Debug|Any CPU
		{35E8C367-B392-4821-8B92-837B2219D6D9}.Debug|x64.ActiveCfg = Debug|Any CPU
		{35E8C367-B392-4821-8B92-837B2219D6D9}.Debug|x64.Build.0 = Debug|Any CPU
		{35E8C367-B392-4821-8B92-837B2219D6D9}.Debug|x86.ActiveCfg = Debug|Any CPU
		{35E8C367-B392-4821-8B92-837B2219D6D9}.Debug|x86.Build.0 = Debug|Any CPU
		{35E8C367-B392-4821-8B92-837B2219D6D9}.Release|Any CPU.ActiveCfg = Release|Any CPU
		{35E8C367-B392-4821-8B92-837B2219D6D9}.Release|Any CPU.Build.0 = Release|Any CPU
		{35E8C367-B392-4821-8B92-837B2219D6D9}.Release|ARM.ActiveCfg = Release|Any CPU
		{35E8C367-B392-4821-8B92-837B2219D6D9}.Release|ARM.Build.0 = Release|Any CPU
		{35E8C367-B392-4821-8B92-837B2219D6D9}.Release|iPhone.ActiveCfg = Release|Any CPU
		{35E8C367-B392-4821-8B92-837B2219D6D9}.Release|iPhone.Build.0 = Release|Any CPU
		{35E8C367-B392-4821-8B92-837B2219D6D9}.Release|iPhoneSimulator.ActiveCfg = Release|Any CPU
		{35E8C367-B392-4821-8B92-837B2219D6D9}.Release|iPhoneSimulator.Build.0 = Release|Any CPU
		{35E8C367-B392-4821-8B92-837B2219D6D9}.Release|x64.ActiveCfg = Release|Any CPU
		{35E8C367-B392-4821-8B92-837B2219D6D9}.Release|x64.Build.0 = Release|Any CPU
		{35E8C367-B392-4821-8B92-837B2219D6D9}.Release|x86.ActiveCfg = Release|Any CPU
		{35E8C367-B392-4821-8B92-837B2219D6D9}.Release|x86.Build.0 = Release|Any CPU
		{30B4A443-D1C3-4A7D-8528-43336B8B5FE1}.Debug|Any CPU.ActiveCfg = Debug|Any CPU
		{30B4A443-D1C3-4A7D-8528-43336B8B5FE1}.Debug|Any CPU.Build.0 = Debug|Any CPU
		{30B4A443-D1C3-4A7D-8528-43336B8B5FE1}.Debug|ARM.ActiveCfg = Debug|Any CPU
		{30B4A443-D1C3-4A7D-8528-43336B8B5FE1}.Debug|ARM.Build.0 = Debug|Any CPU
		{30B4A443-D1C3-4A7D-8528-43336B8B5FE1}.Debug|iPhone.ActiveCfg = Debug|Any CPU
		{30B4A443-D1C3-4A7D-8528-43336B8B5FE1}.Debug|iPhone.Build.0 = Debug|Any CPU
		{30B4A443-D1C3-4A7D-8528-43336B8B5FE1}.Debug|iPhoneSimulator.ActiveCfg = Debug|Any CPU
		{30B4A443-D1C3-4A7D-8528-43336B8B5FE1}.Debug|iPhoneSimulator.Build.0 = Debug|Any CPU
		{30B4A443-D1C3-4A7D-8528-43336B8B5FE1}.Debug|x64.ActiveCfg = Debug|Any CPU
		{30B4A443-D1C3-4A7D-8528-43336B8B5FE1}.Debug|x64.Build.0 = Debug|Any CPU
		{30B4A443-D1C3-4A7D-8528-43336B8B5FE1}.Debug|x86.ActiveCfg = Debug|Any CPU
		{30B4A443-D1C3-4A7D-8528-43336B8B5FE1}.Debug|x86.Build.0 = Debug|Any CPU
		{30B4A443-D1C3-4A7D-8528-43336B8B5FE1}.Release|Any CPU.ActiveCfg = Release|Any CPU
		{30B4A443-D1C3-4A7D-8528-43336B8B5FE1}.Release|Any CPU.Build.0 = Release|Any CPU
		{30B4A443-D1C3-4A7D-8528-43336B8B5FE1}.Release|ARM.ActiveCfg = Release|Any CPU
		{30B4A443-D1C3-4A7D-8528-43336B8B5FE1}.Release|ARM.Build.0 = Release|Any CPU
		{30B4A443-D1C3-4A7D-8528-43336B8B5FE1}.Release|iPhone.ActiveCfg = Release|Any CPU
		{30B4A443-D1C3-4A7D-8528-43336B8B5FE1}.Release|iPhone.Build.0 = Release|Any CPU
		{30B4A443-D1C3-4A7D-8528-43336B8B5FE1}.Release|iPhoneSimulator.ActiveCfg = Release|Any CPU
		{30B4A443-D1C3-4A7D-8528-43336B8B5FE1}.Release|iPhoneSimulator.Build.0 = Release|Any CPU
		{30B4A443-D1C3-4A7D-8528-43336B8B5FE1}.Release|x64.ActiveCfg = Release|Any CPU
		{30B4A443-D1C3-4A7D-8528-43336B8B5FE1}.Release|x64.Build.0 = Release|Any CPU
		{30B4A443-D1C3-4A7D-8528-43336B8B5FE1}.Release|x86.ActiveCfg = Release|Any CPU
		{30B4A443-D1C3-4A7D-8528-43336B8B5FE1}.Release|x86.Build.0 = Release|Any CPU
		{507227C5-773E-48A5-91A6-6DBF48B694A4}.Debug|Any CPU.ActiveCfg = Debug|Any CPU
		{507227C5-773E-48A5-91A6-6DBF48B694A4}.Debug|Any CPU.Build.0 = Debug|Any CPU
		{507227C5-773E-48A5-91A6-6DBF48B694A4}.Debug|ARM.ActiveCfg = Debug|Any CPU
		{507227C5-773E-48A5-91A6-6DBF48B694A4}.Debug|ARM.Build.0 = Debug|Any CPU
		{507227C5-773E-48A5-91A6-6DBF48B694A4}.Debug|iPhone.ActiveCfg = Debug|Any CPU
		{507227C5-773E-48A5-91A6-6DBF48B694A4}.Debug|iPhone.Build.0 = Debug|Any CPU
		{507227C5-773E-48A5-91A6-6DBF48B694A4}.Debug|iPhoneSimulator.ActiveCfg = Debug|Any CPU
		{507227C5-773E-48A5-91A6-6DBF48B694A4}.Debug|iPhoneSimulator.Build.0 = Debug|Any CPU
		{507227C5-773E-48A5-91A6-6DBF48B694A4}.Debug|x64.ActiveCfg = Debug|Any CPU
		{507227C5-773E-48A5-91A6-6DBF48B694A4}.Debug|x64.Build.0 = Debug|Any CPU
		{507227C5-773E-48A5-91A6-6DBF48B694A4}.Debug|x86.ActiveCfg = Debug|Any CPU
		{507227C5-773E-48A5-91A6-6DBF48B694A4}.Debug|x86.Build.0 = Debug|Any CPU
		{507227C5-773E-48A5-91A6-6DBF48B694A4}.Release|Any CPU.ActiveCfg = Release|Any CPU
		{507227C5-773E-48A5-91A6-6DBF48B694A4}.Release|Any CPU.Build.0 = Release|Any CPU
		{507227C5-773E-48A5-91A6-6DBF48B694A4}.Release|ARM.ActiveCfg = Release|Any CPU
		{507227C5-773E-48A5-91A6-6DBF48B694A4}.Release|ARM.Build.0 = Release|Any CPU
		{507227C5-773E-48A5-91A6-6DBF48B694A4}.Release|iPhone.ActiveCfg = Release|Any CPU
		{507227C5-773E-48A5-91A6-6DBF48B694A4}.Release|iPhone.Build.0 = Release|Any CPU
		{507227C5-773E-48A5-91A6-6DBF48B694A4}.Release|iPhoneSimulator.ActiveCfg = Release|Any CPU
		{507227C5-773E-48A5-91A6-6DBF48B694A4}.Release|iPhoneSimulator.Build.0 = Release|Any CPU
		{507227C5-773E-48A5-91A6-6DBF48B694A4}.Release|x64.ActiveCfg = Release|Any CPU
		{507227C5-773E-48A5-91A6-6DBF48B694A4}.Release|x64.Build.0 = Release|Any CPU
		{507227C5-773E-48A5-91A6-6DBF48B694A4}.Release|x86.ActiveCfg = Release|Any CPU
		{507227C5-773E-48A5-91A6-6DBF48B694A4}.Release|x86.Build.0 = Release|Any CPU
		{4C373946-8C60-4A5F-B8D8-FBC8B4A842F0}.Debug|Any CPU.ActiveCfg = Debug|Any CPU
		{4C373946-8C60-4A5F-B8D8-FBC8B4A842F0}.Debug|Any CPU.Build.0 = Debug|Any CPU
		{4C373946-8C60-4A5F-B8D8-FBC8B4A842F0}.Debug|ARM.ActiveCfg = Debug|Any CPU
		{4C373946-8C60-4A5F-B8D8-FBC8B4A842F0}.Debug|ARM.Build.0 = Debug|Any CPU
		{4C373946-8C60-4A5F-B8D8-FBC8B4A842F0}.Debug|iPhone.ActiveCfg = Debug|Any CPU
		{4C373946-8C60-4A5F-B8D8-FBC8B4A842F0}.Debug|iPhone.Build.0 = Debug|Any CPU
		{4C373946-8C60-4A5F-B8D8-FBC8B4A842F0}.Debug|iPhoneSimulator.ActiveCfg = Debug|Any CPU
		{4C373946-8C60-4A5F-B8D8-FBC8B4A842F0}.Debug|iPhoneSimulator.Build.0 = Debug|Any CPU
		{4C373946-8C60-4A5F-B8D8-FBC8B4A842F0}.Debug|x64.ActiveCfg = Debug|Any CPU
		{4C373946-8C60-4A5F-B8D8-FBC8B4A842F0}.Debug|x64.Build.0 = Debug|Any CPU
		{4C373946-8C60-4A5F-B8D8-FBC8B4A842F0}.Debug|x86.ActiveCfg = Debug|Any CPU
		{4C373946-8C60-4A5F-B8D8-FBC8B4A842F0}.Debug|x86.Build.0 = Debug|Any CPU
		{4C373946-8C60-4A5F-B8D8-FBC8B4A842F0}.Release|Any CPU.ActiveCfg = Release|Any CPU
		{4C373946-8C60-4A5F-B8D8-FBC8B4A842F0}.Release|Any CPU.Build.0 = Release|Any CPU
		{4C373946-8C60-4A5F-B8D8-FBC8B4A842F0}.Release|ARM.ActiveCfg = Release|Any CPU
		{4C373946-8C60-4A5F-B8D8-FBC8B4A842F0}.Release|ARM.Build.0 = Release|Any CPU
		{4C373946-8C60-4A5F-B8D8-FBC8B4A842F0}.Release|iPhone.ActiveCfg = Release|Any CPU
		{4C373946-8C60-4A5F-B8D8-FBC8B4A842F0}.Release|iPhone.Build.0 = Release|Any CPU
		{4C373946-8C60-4A5F-B8D8-FBC8B4A842F0}.Release|iPhoneSimulator.ActiveCfg = Release|Any CPU
		{4C373946-8C60-4A5F-B8D8-FBC8B4A842F0}.Release|iPhoneSimulator.Build.0 = Release|Any CPU
		{4C373946-8C60-4A5F-B8D8-FBC8B4A842F0}.Release|x64.ActiveCfg = Release|Any CPU
		{4C373946-8C60-4A5F-B8D8-FBC8B4A842F0}.Release|x64.Build.0 = Release|Any CPU
		{4C373946-8C60-4A5F-B8D8-FBC8B4A842F0}.Release|x86.ActiveCfg = Release|Any CPU
		{4C373946-8C60-4A5F-B8D8-FBC8B4A842F0}.Release|x86.Build.0 = Release|Any CPU
		{2B50BBFA-AA4A-41AF-BABA-CA69B0771CBD}.Debug|Any CPU.ActiveCfg = Debug|Any CPU
		{2B50BBFA-AA4A-41AF-BABA-CA69B0771CBD}.Debug|Any CPU.Build.0 = Debug|Any CPU
		{2B50BBFA-AA4A-41AF-BABA-CA69B0771CBD}.Debug|ARM.ActiveCfg = Debug|Any CPU
		{2B50BBFA-AA4A-41AF-BABA-CA69B0771CBD}.Debug|ARM.Build.0 = Debug|Any CPU
		{2B50BBFA-AA4A-41AF-BABA-CA69B0771CBD}.Debug|iPhone.ActiveCfg = Debug|Any CPU
		{2B50BBFA-AA4A-41AF-BABA-CA69B0771CBD}.Debug|iPhone.Build.0 = Debug|Any CPU
		{2B50BBFA-AA4A-41AF-BABA-CA69B0771CBD}.Debug|iPhoneSimulator.ActiveCfg = Debug|Any CPU
		{2B50BBFA-AA4A-41AF-BABA-CA69B0771CBD}.Debug|iPhoneSimulator.Build.0 = Debug|Any CPU
		{2B50BBFA-AA4A-41AF-BABA-CA69B0771CBD}.Debug|x64.ActiveCfg = Debug|Any CPU
		{2B50BBFA-AA4A-41AF-BABA-CA69B0771CBD}.Debug|x64.Build.0 = Debug|Any CPU
		{2B50BBFA-AA4A-41AF-BABA-CA69B0771CBD}.Debug|x86.ActiveCfg = Debug|Any CPU
		{2B50BBFA-AA4A-41AF-BABA-CA69B0771CBD}.Debug|x86.Build.0 = Debug|Any CPU
		{2B50BBFA-AA4A-41AF-BABA-CA69B0771CBD}.Release|Any CPU.ActiveCfg = Release|Any CPU
		{2B50BBFA-AA4A-41AF-BABA-CA69B0771CBD}.Release|Any CPU.Build.0 = Release|Any CPU
		{2B50BBFA-AA4A-41AF-BABA-CA69B0771CBD}.Release|ARM.ActiveCfg = Release|Any CPU
		{2B50BBFA-AA4A-41AF-BABA-CA69B0771CBD}.Release|ARM.Build.0 = Release|Any CPU
		{2B50BBFA-AA4A-41AF-BABA-CA69B0771CBD}.Release|iPhone.ActiveCfg = Release|Any CPU
		{2B50BBFA-AA4A-41AF-BABA-CA69B0771CBD}.Release|iPhone.Build.0 = Release|Any CPU
		{2B50BBFA-AA4A-41AF-BABA-CA69B0771CBD}.Release|iPhoneSimulator.ActiveCfg = Release|Any CPU
		{2B50BBFA-AA4A-41AF-BABA-CA69B0771CBD}.Release|iPhoneSimulator.Build.0 = Release|Any CPU
		{2B50BBFA-AA4A-41AF-BABA-CA69B0771CBD}.Release|x64.ActiveCfg = Release|Any CPU
		{2B50BBFA-AA4A-41AF-BABA-CA69B0771CBD}.Release|x64.Build.0 = Release|Any CPU
		{2B50BBFA-AA4A-41AF-BABA-CA69B0771CBD}.Release|x86.ActiveCfg = Release|Any CPU
		{2B50BBFA-AA4A-41AF-BABA-CA69B0771CBD}.Release|x86.Build.0 = Release|Any CPU
		{97F3390E-E89F-46FC-BC14-20788423A331}.Debug|Any CPU.ActiveCfg = Debug|Any CPU
		{97F3390E-E89F-46FC-BC14-20788423A331}.Debug|Any CPU.Build.0 = Debug|Any CPU
		{97F3390E-E89F-46FC-BC14-20788423A331}.Debug|ARM.ActiveCfg = Debug|Any CPU
		{97F3390E-E89F-46FC-BC14-20788423A331}.Debug|ARM.Build.0 = Debug|Any CPU
		{97F3390E-E89F-46FC-BC14-20788423A331}.Debug|iPhone.ActiveCfg = Debug|Any CPU
		{97F3390E-E89F-46FC-BC14-20788423A331}.Debug|iPhone.Build.0 = Debug|Any CPU
		{97F3390E-E89F-46FC-BC14-20788423A331}.Debug|iPhoneSimulator.ActiveCfg = Debug|Any CPU
		{97F3390E-E89F-46FC-BC14-20788423A331}.Debug|iPhoneSimulator.Build.0 = Debug|Any CPU
		{97F3390E-E89F-46FC-BC14-20788423A331}.Debug|x64.ActiveCfg = Debug|Any CPU
		{97F3390E-E89F-46FC-BC14-20788423A331}.Debug|x64.Build.0 = Debug|Any CPU
		{97F3390E-E89F-46FC-BC14-20788423A331}.Debug|x86.ActiveCfg = Debug|Any CPU
		{97F3390E-E89F-46FC-BC14-20788423A331}.Debug|x86.Build.0 = Debug|Any CPU
		{97F3390E-E89F-46FC-BC14-20788423A331}.Release|Any CPU.ActiveCfg = Release|Any CPU
		{97F3390E-E89F-46FC-BC14-20788423A331}.Release|Any CPU.Build.0 = Release|Any CPU
		{97F3390E-E89F-46FC-BC14-20788423A331}.Release|ARM.ActiveCfg = Release|Any CPU
		{97F3390E-E89F-46FC-BC14-20788423A331}.Release|ARM.Build.0 = Release|Any CPU
		{97F3390E-E89F-46FC-BC14-20788423A331}.Release|iPhone.ActiveCfg = Release|Any CPU
		{97F3390E-E89F-46FC-BC14-20788423A331}.Release|iPhone.Build.0 = Release|Any CPU
		{97F3390E-E89F-46FC-BC14-20788423A331}.Release|iPhoneSimulator.ActiveCfg = Release|Any CPU
		{97F3390E-E89F-46FC-BC14-20788423A331}.Release|iPhoneSimulator.Build.0 = Release|Any CPU
		{97F3390E-E89F-46FC-BC14-20788423A331}.Release|x64.ActiveCfg = Release|Any CPU
		{97F3390E-E89F-46FC-BC14-20788423A331}.Release|x64.Build.0 = Release|Any CPU
		{97F3390E-E89F-46FC-BC14-20788423A331}.Release|x86.ActiveCfg = Release|Any CPU
		{97F3390E-E89F-46FC-BC14-20788423A331}.Release|x86.Build.0 = Release|Any CPU
		{23EA9459-8AFA-4DCE-BED5-A073570437D9}.Debug|Any CPU.ActiveCfg = Debug|Any CPU
		{23EA9459-8AFA-4DCE-BED5-A073570437D9}.Debug|Any CPU.Build.0 = Debug|Any CPU
		{23EA9459-8AFA-4DCE-BED5-A073570437D9}.Debug|ARM.ActiveCfg = Debug|Any CPU
		{23EA9459-8AFA-4DCE-BED5-A073570437D9}.Debug|ARM.Build.0 = Debug|Any CPU
		{23EA9459-8AFA-4DCE-BED5-A073570437D9}.Debug|iPhone.ActiveCfg = Debug|Any CPU
		{23EA9459-8AFA-4DCE-BED5-A073570437D9}.Debug|iPhone.Build.0 = Debug|Any CPU
		{23EA9459-8AFA-4DCE-BED5-A073570437D9}.Debug|iPhoneSimulator.ActiveCfg = Debug|Any CPU
		{23EA9459-8AFA-4DCE-BED5-A073570437D9}.Debug|iPhoneSimulator.Build.0 = Debug|Any CPU
		{23EA9459-8AFA-4DCE-BED5-A073570437D9}.Debug|x64.ActiveCfg = Debug|Any CPU
		{23EA9459-8AFA-4DCE-BED5-A073570437D9}.Debug|x64.Build.0 = Debug|Any CPU
		{23EA9459-8AFA-4DCE-BED5-A073570437D9}.Debug|x86.ActiveCfg = Debug|Any CPU
		{23EA9459-8AFA-4DCE-BED5-A073570437D9}.Debug|x86.Build.0 = Debug|Any CPU
		{23EA9459-8AFA-4DCE-BED5-A073570437D9}.Release|Any CPU.ActiveCfg = Release|Any CPU
		{23EA9459-8AFA-4DCE-BED5-A073570437D9}.Release|Any CPU.Build.0 = Release|Any CPU
		{23EA9459-8AFA-4DCE-BED5-A073570437D9}.Release|ARM.ActiveCfg = Release|Any CPU
		{23EA9459-8AFA-4DCE-BED5-A073570437D9}.Release|ARM.Build.0 = Release|Any CPU
		{23EA9459-8AFA-4DCE-BED5-A073570437D9}.Release|iPhone.ActiveCfg = Release|Any CPU
		{23EA9459-8AFA-4DCE-BED5-A073570437D9}.Release|iPhone.Build.0 = Release|Any CPU
		{23EA9459-8AFA-4DCE-BED5-A073570437D9}.Release|iPhoneSimulator.ActiveCfg = Release|Any CPU
		{23EA9459-8AFA-4DCE-BED5-A073570437D9}.Release|iPhoneSimulator.Build.0 = Release|Any CPU
		{23EA9459-8AFA-4DCE-BED5-A073570437D9}.Release|x64.ActiveCfg = Release|Any CPU
		{23EA9459-8AFA-4DCE-BED5-A073570437D9}.Release|x64.Build.0 = Release|Any CPU
		{23EA9459-8AFA-4DCE-BED5-A073570437D9}.Release|x86.ActiveCfg = Release|Any CPU
		{23EA9459-8AFA-4DCE-BED5-A073570437D9}.Release|x86.Build.0 = Release|Any CPU
		{1C27794F-E5DB-4FF2-9751-9442296EC9D3}.Debug|Any CPU.ActiveCfg = Debug|Any CPU
		{1C27794F-E5DB-4FF2-9751-9442296EC9D3}.Debug|Any CPU.Build.0 = Debug|Any CPU
		{1C27794F-E5DB-4FF2-9751-9442296EC9D3}.Debug|ARM.ActiveCfg = Debug|Any CPU
		{1C27794F-E5DB-4FF2-9751-9442296EC9D3}.Debug|ARM.Build.0 = Debug|Any CPU
		{1C27794F-E5DB-4FF2-9751-9442296EC9D3}.Debug|iPhone.ActiveCfg = Debug|Any CPU
		{1C27794F-E5DB-4FF2-9751-9442296EC9D3}.Debug|iPhone.Build.0 = Debug|Any CPU
		{1C27794F-E5DB-4FF2-9751-9442296EC9D3}.Debug|iPhoneSimulator.ActiveCfg = Debug|Any CPU
		{1C27794F-E5DB-4FF2-9751-9442296EC9D3}.Debug|iPhoneSimulator.Build.0 = Debug|Any CPU
		{1C27794F-E5DB-4FF2-9751-9442296EC9D3}.Debug|x64.ActiveCfg = Debug|Any CPU
		{1C27794F-E5DB-4FF2-9751-9442296EC9D3}.Debug|x64.Build.0 = Debug|Any CPU
		{1C27794F-E5DB-4FF2-9751-9442296EC9D3}.Debug|x86.ActiveCfg = Debug|Any CPU
		{1C27794F-E5DB-4FF2-9751-9442296EC9D3}.Debug|x86.Build.0 = Debug|Any CPU
		{1C27794F-E5DB-4FF2-9751-9442296EC9D3}.Release|Any CPU.ActiveCfg = Release|Any CPU
		{1C27794F-E5DB-4FF2-9751-9442296EC9D3}.Release|Any CPU.Build.0 = Release|Any CPU
		{1C27794F-E5DB-4FF2-9751-9442296EC9D3}.Release|ARM.ActiveCfg = Release|Any CPU
		{1C27794F-E5DB-4FF2-9751-9442296EC9D3}.Release|ARM.Build.0 = Release|Any CPU
		{1C27794F-E5DB-4FF2-9751-9442296EC9D3}.Release|iPhone.ActiveCfg = Release|Any CPU
		{1C27794F-E5DB-4FF2-9751-9442296EC9D3}.Release|iPhone.Build.0 = Release|Any CPU
		{1C27794F-E5DB-4FF2-9751-9442296EC9D3}.Release|iPhoneSimulator.ActiveCfg = Release|Any CPU
		{1C27794F-E5DB-4FF2-9751-9442296EC9D3}.Release|iPhoneSimulator.Build.0 = Release|Any CPU
		{1C27794F-E5DB-4FF2-9751-9442296EC9D3}.Release|x64.ActiveCfg = Release|Any CPU
		{1C27794F-E5DB-4FF2-9751-9442296EC9D3}.Release|x64.Build.0 = Release|Any CPU
		{1C27794F-E5DB-4FF2-9751-9442296EC9D3}.Release|x86.ActiveCfg = Release|Any CPU
		{1C27794F-E5DB-4FF2-9751-9442296EC9D3}.Release|x86.Build.0 = Release|Any CPU
		{DC557C43-DAE4-4DE6-B1EF-3FF76F2E98C5}.Debug|Any CPU.ActiveCfg = Debug|Any CPU
		{DC557C43-DAE4-4DE6-B1EF-3FF76F2E98C5}.Debug|Any CPU.Build.0 = Debug|Any CPU
		{DC557C43-DAE4-4DE6-B1EF-3FF76F2E98C5}.Debug|ARM.ActiveCfg = Debug|Any CPU
		{DC557C43-DAE4-4DE6-B1EF-3FF76F2E98C5}.Debug|ARM.Build.0 = Debug|Any CPU
		{DC557C43-DAE4-4DE6-B1EF-3FF76F2E98C5}.Debug|iPhone.ActiveCfg = Debug|Any CPU
		{DC557C43-DAE4-4DE6-B1EF-3FF76F2E98C5}.Debug|iPhone.Build.0 = Debug|Any CPU
		{DC557C43-DAE4-4DE6-B1EF-3FF76F2E98C5}.Debug|iPhoneSimulator.ActiveCfg = Debug|Any CPU
		{DC557C43-DAE4-4DE6-B1EF-3FF76F2E98C5}.Debug|iPhoneSimulator.Build.0 = Debug|Any CPU
		{DC557C43-DAE4-4DE6-B1EF-3FF76F2E98C5}.Debug|x64.ActiveCfg = Debug|Any CPU
		{DC557C43-DAE4-4DE6-B1EF-3FF76F2E98C5}.Debug|x64.Build.0 = Debug|Any CPU
		{DC557C43-DAE4-4DE6-B1EF-3FF76F2E98C5}.Debug|x86.ActiveCfg = Debug|Any CPU
		{DC557C43-DAE4-4DE6-B1EF-3FF76F2E98C5}.Debug|x86.Build.0 = Debug|Any CPU
		{DC557C43-DAE4-4DE6-B1EF-3FF76F2E98C5}.Release|Any CPU.ActiveCfg = Release|Any CPU
		{DC557C43-DAE4-4DE6-B1EF-3FF76F2E98C5}.Release|Any CPU.Build.0 = Release|Any CPU
		{DC557C43-DAE4-4DE6-B1EF-3FF76F2E98C5}.Release|ARM.ActiveCfg = Release|Any CPU
		{DC557C43-DAE4-4DE6-B1EF-3FF76F2E98C5}.Release|ARM.Build.0 = Release|Any CPU
		{DC557C43-DAE4-4DE6-B1EF-3FF76F2E98C5}.Release|iPhone.ActiveCfg = Release|Any CPU
		{DC557C43-DAE4-4DE6-B1EF-3FF76F2E98C5}.Release|iPhone.Build.0 = Release|Any CPU
		{DC557C43-DAE4-4DE6-B1EF-3FF76F2E98C5}.Release|iPhoneSimulator.ActiveCfg = Release|Any CPU
		{DC557C43-DAE4-4DE6-B1EF-3FF76F2E98C5}.Release|iPhoneSimulator.Build.0 = Release|Any CPU
		{DC557C43-DAE4-4DE6-B1EF-3FF76F2E98C5}.Release|x64.ActiveCfg = Release|Any CPU
		{DC557C43-DAE4-4DE6-B1EF-3FF76F2E98C5}.Release|x64.Build.0 = Release|Any CPU
		{DC557C43-DAE4-4DE6-B1EF-3FF76F2E98C5}.Release|x86.ActiveCfg = Release|Any CPU
		{DC557C43-DAE4-4DE6-B1EF-3FF76F2E98C5}.Release|x86.Build.0 = Release|Any CPU
		{268B3008-A58E-4770-9C1C-2A375D8DEE3A}.Debug|Any CPU.ActiveCfg = Debug|Any CPU
		{268B3008-A58E-4770-9C1C-2A375D8DEE3A}.Debug|Any CPU.Build.0 = Debug|Any CPU
		{268B3008-A58E-4770-9C1C-2A375D8DEE3A}.Debug|ARM.ActiveCfg = Debug|Any CPU
		{268B3008-A58E-4770-9C1C-2A375D8DEE3A}.Debug|ARM.Build.0 = Debug|Any CPU
		{268B3008-A58E-4770-9C1C-2A375D8DEE3A}.Debug|iPhone.ActiveCfg = Debug|Any CPU
		{268B3008-A58E-4770-9C1C-2A375D8DEE3A}.Debug|iPhone.Build.0 = Debug|Any CPU
		{268B3008-A58E-4770-9C1C-2A375D8DEE3A}.Debug|iPhoneSimulator.ActiveCfg = Debug|Any CPU
		{268B3008-A58E-4770-9C1C-2A375D8DEE3A}.Debug|iPhoneSimulator.Build.0 = Debug|Any CPU
		{268B3008-A58E-4770-9C1C-2A375D8DEE3A}.Debug|x64.ActiveCfg = Debug|Any CPU
		{268B3008-A58E-4770-9C1C-2A375D8DEE3A}.Debug|x64.Build.0 = Debug|Any CPU
		{268B3008-A58E-4770-9C1C-2A375D8DEE3A}.Debug|x86.ActiveCfg = Debug|Any CPU
		{268B3008-A58E-4770-9C1C-2A375D8DEE3A}.Debug|x86.Build.0 = Debug|Any CPU
		{268B3008-A58E-4770-9C1C-2A375D8DEE3A}.Release|Any CPU.ActiveCfg = Release|Any CPU
		{268B3008-A58E-4770-9C1C-2A375D8DEE3A}.Release|Any CPU.Build.0 = Release|Any CPU
		{268B3008-A58E-4770-9C1C-2A375D8DEE3A}.Release|ARM.ActiveCfg = Release|Any CPU
		{268B3008-A58E-4770-9C1C-2A375D8DEE3A}.Release|ARM.Build.0 = Release|Any CPU
		{268B3008-A58E-4770-9C1C-2A375D8DEE3A}.Release|iPhone.ActiveCfg = Release|Any CPU
		{268B3008-A58E-4770-9C1C-2A375D8DEE3A}.Release|iPhone.Build.0 = Release|Any CPU
		{268B3008-A58E-4770-9C1C-2A375D8DEE3A}.Release|iPhoneSimulator.ActiveCfg = Release|Any CPU
		{268B3008-A58E-4770-9C1C-2A375D8DEE3A}.Release|iPhoneSimulator.Build.0 = Release|Any CPU
		{268B3008-A58E-4770-9C1C-2A375D8DEE3A}.Release|x64.ActiveCfg = Release|Any CPU
		{268B3008-A58E-4770-9C1C-2A375D8DEE3A}.Release|x64.Build.0 = Release|Any CPU
		{268B3008-A58E-4770-9C1C-2A375D8DEE3A}.Release|x86.ActiveCfg = Release|Any CPU
		{268B3008-A58E-4770-9C1C-2A375D8DEE3A}.Release|x86.Build.0 = Release|Any CPU
		{BC2E0647-1389-485B-BDAE-76C596F05C40}.Debug|Any CPU.ActiveCfg = Debug|Any CPU
		{BC2E0647-1389-485B-BDAE-76C596F05C40}.Debug|Any CPU.Build.0 = Debug|Any CPU
		{BC2E0647-1389-485B-BDAE-76C596F05C40}.Debug|ARM.ActiveCfg = Debug|Any CPU
		{BC2E0647-1389-485B-BDAE-76C596F05C40}.Debug|ARM.Build.0 = Debug|Any CPU
		{BC2E0647-1389-485B-BDAE-76C596F05C40}.Debug|iPhone.ActiveCfg = Debug|Any CPU
		{BC2E0647-1389-485B-BDAE-76C596F05C40}.Debug|iPhone.Build.0 = Debug|Any CPU
		{BC2E0647-1389-485B-BDAE-76C596F05C40}.Debug|iPhoneSimulator.ActiveCfg = Debug|Any CPU
		{BC2E0647-1389-485B-BDAE-76C596F05C40}.Debug|iPhoneSimulator.Build.0 = Debug|Any CPU
		{BC2E0647-1389-485B-BDAE-76C596F05C40}.Debug|x64.ActiveCfg = Debug|Any CPU
		{BC2E0647-1389-485B-BDAE-76C596F05C40}.Debug|x64.Build.0 = Debug|Any CPU
		{BC2E0647-1389-485B-BDAE-76C596F05C40}.Debug|x86.ActiveCfg = Debug|Any CPU
		{BC2E0647-1389-485B-BDAE-76C596F05C40}.Debug|x86.Build.0 = Debug|Any CPU
		{BC2E0647-1389-485B-BDAE-76C596F05C40}.Release|Any CPU.ActiveCfg = Release|Any CPU
		{BC2E0647-1389-485B-BDAE-76C596F05C40}.Release|Any CPU.Build.0 = Release|Any CPU
		{BC2E0647-1389-485B-BDAE-76C596F05C40}.Release|ARM.ActiveCfg = Release|Any CPU
		{BC2E0647-1389-485B-BDAE-76C596F05C40}.Release|ARM.Build.0 = Release|Any CPU
		{BC2E0647-1389-485B-BDAE-76C596F05C40}.Release|iPhone.ActiveCfg = Release|Any CPU
		{BC2E0647-1389-485B-BDAE-76C596F05C40}.Release|iPhone.Build.0 = Release|Any CPU
		{BC2E0647-1389-485B-BDAE-76C596F05C40}.Release|iPhoneSimulator.ActiveCfg = Release|Any CPU
		{BC2E0647-1389-485B-BDAE-76C596F05C40}.Release|iPhoneSimulator.Build.0 = Release|Any CPU
		{BC2E0647-1389-485B-BDAE-76C596F05C40}.Release|x64.ActiveCfg = Release|Any CPU
		{BC2E0647-1389-485B-BDAE-76C596F05C40}.Release|x64.Build.0 = Release|Any CPU
		{BC2E0647-1389-485B-BDAE-76C596F05C40}.Release|x86.ActiveCfg = Release|Any CPU
		{BC2E0647-1389-485B-BDAE-76C596F05C40}.Release|x86.Build.0 = Release|Any CPU
		{A03F6AF0-EBF8-4119-A3A3-214EE45215C3}.Debug|Any CPU.ActiveCfg = Debug|Any CPU
		{A03F6AF0-EBF8-4119-A3A3-214EE45215C3}.Debug|Any CPU.Build.0 = Debug|Any CPU
		{A03F6AF0-EBF8-4119-A3A3-214EE45215C3}.Debug|ARM.ActiveCfg = Debug|Any CPU
		{A03F6AF0-EBF8-4119-A3A3-214EE45215C3}.Debug|ARM.Build.0 = Debug|Any CPU
		{A03F6AF0-EBF8-4119-A3A3-214EE45215C3}.Debug|iPhone.ActiveCfg = Debug|Any CPU
		{A03F6AF0-EBF8-4119-A3A3-214EE45215C3}.Debug|iPhone.Build.0 = Debug|Any CPU
		{A03F6AF0-EBF8-4119-A3A3-214EE45215C3}.Debug|iPhoneSimulator.ActiveCfg = Debug|Any CPU
		{A03F6AF0-EBF8-4119-A3A3-214EE45215C3}.Debug|iPhoneSimulator.Build.0 = Debug|Any CPU
		{A03F6AF0-EBF8-4119-A3A3-214EE45215C3}.Debug|x64.ActiveCfg = Debug|Any CPU
		{A03F6AF0-EBF8-4119-A3A3-214EE45215C3}.Debug|x64.Build.0 = Debug|Any CPU
		{A03F6AF0-EBF8-4119-A3A3-214EE45215C3}.Debug|x86.ActiveCfg = Debug|Any CPU
		{A03F6AF0-EBF8-4119-A3A3-214EE45215C3}.Debug|x86.Build.0 = Debug|Any CPU
		{A03F6AF0-EBF8-4119-A3A3-214EE45215C3}.Release|Any CPU.ActiveCfg = Release|Any CPU
		{A03F6AF0-EBF8-4119-A3A3-214EE45215C3}.Release|Any CPU.Build.0 = Release|Any CPU
		{A03F6AF0-EBF8-4119-A3A3-214EE45215C3}.Release|ARM.ActiveCfg = Release|Any CPU
		{A03F6AF0-EBF8-4119-A3A3-214EE45215C3}.Release|ARM.Build.0 = Release|Any CPU
		{A03F6AF0-EBF8-4119-A3A3-214EE45215C3}.Release|iPhone.ActiveCfg = Release|Any CPU
		{A03F6AF0-EBF8-4119-A3A3-214EE45215C3}.Release|iPhone.Build.0 = Release|Any CPU
		{A03F6AF0-EBF8-4119-A3A3-214EE45215C3}.Release|iPhoneSimulator.ActiveCfg = Release|Any CPU
		{A03F6AF0-EBF8-4119-A3A3-214EE45215C3}.Release|iPhoneSimulator.Build.0 = Release|Any CPU
		{A03F6AF0-EBF8-4119-A3A3-214EE45215C3}.Release|x64.ActiveCfg = Release|Any CPU
		{A03F6AF0-EBF8-4119-A3A3-214EE45215C3}.Release|x64.Build.0 = Release|Any CPU
		{A03F6AF0-EBF8-4119-A3A3-214EE45215C3}.Release|x86.ActiveCfg = Release|Any CPU
		{A03F6AF0-EBF8-4119-A3A3-214EE45215C3}.Release|x86.Build.0 = Release|Any CPU
		{696DF88A-7E71-439A-ADA5-AA89A587BCC7}.Debug|Any CPU.ActiveCfg = Debug|Any CPU
		{696DF88A-7E71-439A-ADA5-AA89A587BCC7}.Debug|Any CPU.Build.0 = Debug|Any CPU
		{696DF88A-7E71-439A-ADA5-AA89A587BCC7}.Debug|ARM.ActiveCfg = Debug|Any CPU
		{696DF88A-7E71-439A-ADA5-AA89A587BCC7}.Debug|ARM.Build.0 = Debug|Any CPU
		{696DF88A-7E71-439A-ADA5-AA89A587BCC7}.Debug|iPhone.ActiveCfg = Debug|Any CPU
		{696DF88A-7E71-439A-ADA5-AA89A587BCC7}.Debug|iPhone.Build.0 = Debug|Any CPU
		{696DF88A-7E71-439A-ADA5-AA89A587BCC7}.Debug|iPhoneSimulator.ActiveCfg = Debug|Any CPU
		{696DF88A-7E71-439A-ADA5-AA89A587BCC7}.Debug|iPhoneSimulator.Build.0 = Debug|Any CPU
		{696DF88A-7E71-439A-ADA5-AA89A587BCC7}.Debug|x64.ActiveCfg = Debug|Any CPU
		{696DF88A-7E71-439A-ADA5-AA89A587BCC7}.Debug|x64.Build.0 = Debug|Any CPU
		{696DF88A-7E71-439A-ADA5-AA89A587BCC7}.Debug|x86.ActiveCfg = Debug|Any CPU
		{696DF88A-7E71-439A-ADA5-AA89A587BCC7}.Debug|x86.Build.0 = Debug|Any CPU
		{696DF88A-7E71-439A-ADA5-AA89A587BCC7}.Release|Any CPU.ActiveCfg = Release|Any CPU
		{696DF88A-7E71-439A-ADA5-AA89A587BCC7}.Release|Any CPU.Build.0 = Release|Any CPU
		{696DF88A-7E71-439A-ADA5-AA89A587BCC7}.Release|ARM.ActiveCfg = Release|Any CPU
		{696DF88A-7E71-439A-ADA5-AA89A587BCC7}.Release|ARM.Build.0 = Release|Any CPU
		{696DF88A-7E71-439A-ADA5-AA89A587BCC7}.Release|iPhone.ActiveCfg = Release|Any CPU
		{696DF88A-7E71-439A-ADA5-AA89A587BCC7}.Release|iPhone.Build.0 = Release|Any CPU
		{696DF88A-7E71-439A-ADA5-AA89A587BCC7}.Release|iPhoneSimulator.ActiveCfg = Release|Any CPU
		{696DF88A-7E71-439A-ADA5-AA89A587BCC7}.Release|iPhoneSimulator.Build.0 = Release|Any CPU
		{696DF88A-7E71-439A-ADA5-AA89A587BCC7}.Release|x64.ActiveCfg = Release|Any CPU
		{696DF88A-7E71-439A-ADA5-AA89A587BCC7}.Release|x64.Build.0 = Release|Any CPU
		{696DF88A-7E71-439A-ADA5-AA89A587BCC7}.Release|x86.ActiveCfg = Release|Any CPU
		{696DF88A-7E71-439A-ADA5-AA89A587BCC7}.Release|x86.Build.0 = Release|Any CPU
		{857E3484-4058-43D9-AD92-2AA260EAC452}.Debug|Any CPU.ActiveCfg = Debug|Any CPU
		{857E3484-4058-43D9-AD92-2AA260EAC452}.Debug|Any CPU.Build.0 = Debug|Any CPU
		{857E3484-4058-43D9-AD92-2AA260EAC452}.Debug|ARM.ActiveCfg = Debug|Any CPU
		{857E3484-4058-43D9-AD92-2AA260EAC452}.Debug|ARM.Build.0 = Debug|Any CPU
		{857E3484-4058-43D9-AD92-2AA260EAC452}.Debug|iPhone.ActiveCfg = Debug|Any CPU
		{857E3484-4058-43D9-AD92-2AA260EAC452}.Debug|iPhone.Build.0 = Debug|Any CPU
		{857E3484-4058-43D9-AD92-2AA260EAC452}.Debug|iPhoneSimulator.ActiveCfg = Debug|Any CPU
		{857E3484-4058-43D9-AD92-2AA260EAC452}.Debug|iPhoneSimulator.Build.0 = Debug|Any CPU
		{857E3484-4058-43D9-AD92-2AA260EAC452}.Debug|x64.ActiveCfg = Debug|Any CPU
		{857E3484-4058-43D9-AD92-2AA260EAC452}.Debug|x64.Build.0 = Debug|Any CPU
		{857E3484-4058-43D9-AD92-2AA260EAC452}.Debug|x86.ActiveCfg = Debug|Any CPU
		{857E3484-4058-43D9-AD92-2AA260EAC452}.Debug|x86.Build.0 = Debug|Any CPU
		{857E3484-4058-43D9-AD92-2AA260EAC452}.Release|Any CPU.ActiveCfg = Release|Any CPU
		{857E3484-4058-43D9-AD92-2AA260EAC452}.Release|Any CPU.Build.0 = Release|Any CPU
		{857E3484-4058-43D9-AD92-2AA260EAC452}.Release|ARM.ActiveCfg = Release|Any CPU
		{857E3484-4058-43D9-AD92-2AA260EAC452}.Release|ARM.Build.0 = Release|Any CPU
		{857E3484-4058-43D9-AD92-2AA260EAC452}.Release|iPhone.ActiveCfg = Release|Any CPU
		{857E3484-4058-43D9-AD92-2AA260EAC452}.Release|iPhone.Build.0 = Release|Any CPU
		{857E3484-4058-43D9-AD92-2AA260EAC452}.Release|iPhoneSimulator.ActiveCfg = Release|Any CPU
		{857E3484-4058-43D9-AD92-2AA260EAC452}.Release|iPhoneSimulator.Build.0 = Release|Any CPU
		{857E3484-4058-43D9-AD92-2AA260EAC452}.Release|x64.ActiveCfg = Release|Any CPU
		{857E3484-4058-43D9-AD92-2AA260EAC452}.Release|x64.Build.0 = Release|Any CPU
		{857E3484-4058-43D9-AD92-2AA260EAC452}.Release|x86.ActiveCfg = Release|Any CPU
		{857E3484-4058-43D9-AD92-2AA260EAC452}.Release|x86.Build.0 = Release|Any CPU
	EndGlobalSection
	GlobalSection(SolutionProperties) = preSolution
		HideSolutionNode = FALSE
	EndGlobalSection
	GlobalSection(NestedProjects) = preSolution
		{B88C2EEB-9F95-4540-B4C3-03D93B9EE635} = {9C7DA8F7-845B-4FE2-905D-D5B2AA2DD134}
		{5637D86C-CC1E-4DB5-885F-9DF3DE9907D0} = {9C7DA8F7-845B-4FE2-905D-D5B2AA2DD134}
		{130F7E3F-9497-429B-ADFB-8B82034176F6} = {9C7DA8F7-845B-4FE2-905D-D5B2AA2DD134}
		{75056356-B54D-4D75-8CC6-5E852BB0C873} = {9C7DA8F7-845B-4FE2-905D-D5B2AA2DD134}
		{F5CB17C0-61B5-44F5-8D9D-AEA9A9243C92} = {9C7DA8F7-845B-4FE2-905D-D5B2AA2DD134}
		{2A71A5F8-C0F1-4957-8B50-CE1F5398A7E0} = {9C7DA8F7-845B-4FE2-905D-D5B2AA2DD134}
		{B6A28F76-AF04-4164-84C4-9976A47908B2} = {9C7DA8F7-845B-4FE2-905D-D5B2AA2DD134}
		{26EEEB46-9712-49C6-918E-A056CE0C324C} = {9C7DA8F7-845B-4FE2-905D-D5B2AA2DD134}
		{40CF1D0F-BBA1-424E-9DFA-8686959922B8} = {9C7DA8F7-845B-4FE2-905D-D5B2AA2DD134}
		{D932BE31-2A5C-4D81-939F-79BA2220B221} = {9C7DA8F7-845B-4FE2-905D-D5B2AA2DD134}
		{2A398F39-4DC8-489D-B018-DD494C78F4CA} = {9C7DA8F7-845B-4FE2-905D-D5B2AA2DD134}
		{B084C329-C03E-400F-9913-C409F7062EAC} = {9C7DA8F7-845B-4FE2-905D-D5B2AA2DD134}
		{586EAA5F-8079-4456-868A-691E27293D80} = {9C7DA8F7-845B-4FE2-905D-D5B2AA2DD134}
		{E5D78880-E2F8-40D1-8F82-FA271436939E} = {9C7DA8F7-845B-4FE2-905D-D5B2AA2DD134}
		{6164B477-0443-4C42-8397-50BF82768978} = {9C7DA8F7-845B-4FE2-905D-D5B2AA2DD134}
		{3E1B3C00-F98B-4C1B-912B-83836207A5E7} = {9C7DA8F7-845B-4FE2-905D-D5B2AA2DD134}
		{35E8C367-B392-4821-8B92-837B2219D6D9} = {9C7DA8F7-845B-4FE2-905D-D5B2AA2DD134}
		{30B4A443-D1C3-4A7D-8528-43336B8B5FE1} = {9C7DA8F7-845B-4FE2-905D-D5B2AA2DD134}
		{507227C5-773E-48A5-91A6-6DBF48B694A4} = {9C7DA8F7-845B-4FE2-905D-D5B2AA2DD134}
		{4C373946-8C60-4A5F-B8D8-FBC8B4A842F0} = {9C7DA8F7-845B-4FE2-905D-D5B2AA2DD134}
		{2B50BBFA-AA4A-41AF-BABA-CA69B0771CBD} = {9C7DA8F7-845B-4FE2-905D-D5B2AA2DD134}
		{97F3390E-E89F-46FC-BC14-20788423A331} = {9C7DA8F7-845B-4FE2-905D-D5B2AA2DD134}
		{23EA9459-8AFA-4DCE-BED5-A073570437D9} = {9C7DA8F7-845B-4FE2-905D-D5B2AA2DD134}
		{1C27794F-E5DB-4FF2-9751-9442296EC9D3} = {9C7DA8F7-845B-4FE2-905D-D5B2AA2DD134}
		{DC557C43-DAE4-4DE6-B1EF-3FF76F2E98C5} = {9C7DA8F7-845B-4FE2-905D-D5B2AA2DD134}
		{268B3008-A58E-4770-9C1C-2A375D8DEE3A} = {9C7DA8F7-845B-4FE2-905D-D5B2AA2DD134}
		{BC2E0647-1389-485B-BDAE-76C596F05C40} = {9C7DA8F7-845B-4FE2-905D-D5B2AA2DD134}
		{A03F6AF0-EBF8-4119-A3A3-214EE45215C3} = {9C7DA8F7-845B-4FE2-905D-D5B2AA2DD134}
		{696DF88A-7E71-439A-ADA5-AA89A587BCC7} = {9C7DA8F7-845B-4FE2-905D-D5B2AA2DD134}
		{857E3484-4058-43D9-AD92-2AA260EAC452} = {9C7DA8F7-845B-4FE2-905D-D5B2AA2DD134}
	EndGlobalSection
	GlobalSection(ExtensibilityGlobals) = postSolution
		SolutionGuid = {DF52C2CA-C60E-4395-9EDC-0995F76AEE47}
	EndGlobalSection
EndGlobal
